
Microsoft Visual Studio Solution File, Format Version 10.00
# Visual Studio 2008
Project("{8BC9CEB8-8B4A-11D0-8D11-00A0C91BC942}") = "BankUI", "BankUI\BankUI.vcproj", "{57D8F75F-3DF8-430D-B0B3-FCCA96EEAD55}"
	ProjectSection(ProjectDependencies) = postProject
		{F093291E-C1BB-4591-AF21-C570E3134EBA} = {F093291E-C1BB-4591-AF21-C570E3134EBA}
		{61981C35-8719-474B-BD0E-A9103B6EB7F0} = {61981C35-8719-474B-BD0E-A9103B6EB7F0}
		{A13F0547-8C51-44E2-8990-AE10C89B3E91} = {A13F0547-8C51-44E2-8990-AE10C89B3E91}
		{7630BE51-390C-4DE5-AFCA-661E5EA4DF19} = {7630BE51-390C-4DE5-AFCA-661E5EA4DF19}
		{416ECD6B-1170-478A-BF93-B83E9D9B8A03} = {416ECD6B-1170-478A-BF93-B83E9D9B8A03}
		{FD5AA278-32AD-4EE2-9215-797E9E529D4D} = {FD5AA278-32AD-4EE2-9215-797E9E529D4D}
		{D3EDA37C-4D20-451B-A147-17F210A7E680} = {D3EDA37C-4D20-451B-A147-17F210A7E680}
		{C0D61A82-F43D-4B3B-8AC8-AA3212D64600} = {C0D61A82-F43D-4B3B-8AC8-AA3212D64600}
		{1FF89A88-67BC-4D07-BDF9-EFBC664332F5} = {1FF89A88-67BC-4D07-BDF9-EFBC664332F5}
		{3B7F51D3-1B6D-4187-A2F8-1D0FFE7114D1} = {3B7F51D3-1B6D-4187-A2F8-1D0FFE7114D1}
		{0C42FEDE-3F4A-42F0-93BB-ACCB0C0B7291} = {0C42FEDE-3F4A-42F0-93BB-ACCB0C0B7291}
	EndProjectSection
EndProject
Project("{8BC9CEB8-8B4A-11D0-8D11-00A0C91BC942}") = "BankCore", "BankCore\BankCore.vcproj", "{A13F0547-8C51-44E2-8990-AE10C89B3E91}"
	ProjectSection(ProjectDependencies) = postProject
		{EFE5B91C-5055-4EC9-9FA3-CCF8EEDB8BC0} = {EFE5B91C-5055-4EC9-9FA3-CCF8EEDB8BC0}
		{61981C35-8719-474B-BD0E-A9103B6EB7F0} = {61981C35-8719-474B-BD0E-A9103B6EB7F0}
		{4CE15E3D-CA44-4AB9-B146-F82F929FE465} = {4CE15E3D-CA44-4AB9-B146-F82F929FE465}
		{416ECD6B-1170-478A-BF93-B83E9D9B8A03} = {416ECD6B-1170-478A-BF93-B83E9D9B8A03}
		{FD5AA278-32AD-4EE2-9215-797E9E529D4D} = {FD5AA278-32AD-4EE2-9215-797E9E529D4D}
		{D3EDA37C-4D20-451B-A147-17F210A7E680} = {D3EDA37C-4D20-451B-A147-17F210A7E680}
		{C0D61A82-F43D-4B3B-8AC8-AA3212D64600} = {C0D61A82-F43D-4B3B-8AC8-AA3212D64600}
		{1FF89A88-67BC-4D07-BDF9-EFBC664332F5} = {1FF89A88-67BC-4D07-BDF9-EFBC664332F5}
		{2FBCC4B3-9E52-400B-9D58-B82619561180} = {2FBCC4B3-9E52-400B-9D58-B82619561180}
		{997884D7-3DC7-43A8-9D61-250C531F4A73} = {997884D7-3DC7-43A8-9D61-250C531F4A73}
	EndProjectSection
EndProject
Project("{2150E333-8FDC-42A3-9474-1A3956D46DE8}") = "Security", "Security", "{4AF5DFCA-ED05-4092-8878-0CA6EAE1FF0A}"
EndProject
Project("{8BC9CEB8-8B4A-11D0-8D11-00A0C91BC942}") = "BankProtector", "Security\BankProtector\BankProtector.vcproj", "{4CE15E3D-CA44-4AB9-B146-F82F929FE465}"
	ProjectSection(ProjectDependencies) = postProject
		{FDD15E99-CED6-4F60-9A00-4C9E2C8353E2} = {FDD15E99-CED6-4F60-9A00-4C9E2C8353E2}
	EndProjectSection
EndProject
Project("{2150E333-8FDC-42A3-9474-1A3956D46DE8}") = "Authentication", "Authentication", "{058F8061-C44E-4F1B-93A6-BEFD2FC58708}"
EndProject
Project("{8BC9CEB8-8B4A-11D0-8D11-00A0C91BC942}") = "DigsigGen", "Security\Authentication\DigsigGen\DigsigGen.vcproj", "{CEA51C03-DCE3-41F2-8E0F-DCD1B57A54B1}"
	ProjectSection(ProjectDependencies) = postProject
		{EFE5B91C-5055-4EC9-9FA3-CCF8EEDB8BC0} = {EFE5B91C-5055-4EC9-9FA3-CCF8EEDB8BC0}
		{F093291E-C1BB-4591-AF21-C570E3134EBA} = {F093291E-C1BB-4591-AF21-C570E3134EBA}
		{61981C35-8719-474B-BD0E-A9103B6EB7F0} = {61981C35-8719-474B-BD0E-A9103B6EB7F0}
		{FD5AA278-32AD-4EE2-9215-797E9E529D4D} = {FD5AA278-32AD-4EE2-9215-797E9E529D4D}
		{1FF89A88-67BC-4D07-BDF9-EFBC664332F5} = {1FF89A88-67BC-4D07-BDF9-EFBC664332F5}
		{3B7F51D3-1B6D-4187-A2F8-1D0FFE7114D1} = {3B7F51D3-1B6D-4187-A2F8-1D0FFE7114D1}
		{0C42FEDE-3F4A-42F0-93BB-ACCB0C0B7291} = {0C42FEDE-3F4A-42F0-93BB-ACCB0C0B7291}
	EndProjectSection
EndProject
Project("{8BC9CEB8-8B4A-11D0-8D11-00A0C91BC942}") = "encryption", "Security\Authentication\encryption\encryption.vcproj", "{EFE5B91C-5055-4EC9-9FA3-CCF8EEDB8BC0}"
EndProject
Project("{8BC9CEB8-8B4A-11D0-8D11-00A0C91BC942}") = "BankDrv", "Security\BankDrv\BankDrv.vcproj", "{32407EAD-2009-4ABF-9DF3-4339446D0EAD}"
EndProject
Project("{8BC9CEB8-8B4A-11D0-8D11-00A0C91BC942}") = "BankLoader", "Security\BankLoader\BankLoaderLib.vcproj", "{C0D61A82-F43D-4B3B-8AC8-AA3212D64600}"
	ProjectSection(ProjectDependencies) = postProject
		{EFE5B91C-5055-4EC9-9FA3-CCF8EEDB8BC0} = {EFE5B91C-5055-4EC9-9FA3-CCF8EEDB8BC0}
		{F093291E-C1BB-4591-AF21-C570E3134EBA} = {F093291E-C1BB-4591-AF21-C570E3134EBA}
		{61981C35-8719-474B-BD0E-A9103B6EB7F0} = {61981C35-8719-474B-BD0E-A9103B6EB7F0}
		{FDD15E99-CED6-4F60-9A00-4C9E2C8353E2} = {FDD15E99-CED6-4F60-9A00-4C9E2C8353E2}
		{3B7F51D3-1B6D-4187-A2F8-1D0FFE7114D1} = {3B7F51D3-1B6D-4187-A2F8-1D0FFE7114D1}
		{D09D61DE-AE85-48B2-B52E-F5B362424E2B} = {D09D61DE-AE85-48B2-B52E-F5B362424E2B}
		{0C42FEDE-3F4A-42F0-93BB-ACCB0C0B7291} = {0C42FEDE-3F4A-42F0-93BB-ACCB0C0B7291}
	EndProjectSection
EndProject
Project("{8BC9CEB8-8B4A-11D0-8D11-00A0C91BC942}") = "ModuleVerifier", "Security\Authentication\ModuleVerifier\ModuleVerifyLib.vcproj", "{FDD15E99-CED6-4F60-9A00-4C9E2C8353E2}"
	ProjectSection(ProjectDependencies) = postProject
		{5A7BBAFA-5535-42BA-A771-7189E7B389BC} = {5A7BBAFA-5535-42BA-A771-7189E7B389BC}
	EndProjectSection
EndProject
Project("{8BC9CEB8-8B4A-11D0-8D11-00A0C91BC942}") = "BankLoaderTester", "Security\Testers\BankLoaderTester\BankLoaderTester.vcproj", "{807E6E9E-4F6F-4A87-BB6C-D8B0772F7078}"
	ProjectSection(ProjectDependencies) = postProject
		{C0D61A82-F43D-4B3B-8AC8-AA3212D64600} = {C0D61A82-F43D-4B3B-8AC8-AA3212D64600}
	EndProjectSection
EndProject
Project("{2150E333-8FDC-42A3-9474-1A3956D46DE8}") = "Testers", "Testers", "{1C628F0D-19EB-45B6-8B6D-887B77B940A8}"
EndProject
Project("{8BC9CEB8-8B4A-11D0-8D11-00A0C91BC942}") = "Utils", "Utils\Utils.vcproj", "{FD5AA278-32AD-4EE2-9215-797E9E529D4D}"
	ProjectSection(ProjectDependencies) = postProject
		{1FF89A88-67BC-4D07-BDF9-EFBC664332F5} = {1FF89A88-67BC-4D07-BDF9-EFBC664332F5}
		{FDD15E99-CED6-4F60-9A00-4C9E2C8353E2} = {FDD15E99-CED6-4F60-9A00-4C9E2C8353E2}
		{8D7F4EA0-459E-4A1F-A771-5DDA61734AD9} = {8D7F4EA0-459E-4A1F-A771-5DDA61734AD9}
		{1E9CE8AE-C540-4F85-B0E6-3ECCCE658827} = {1E9CE8AE-C540-4F85-B0E6-3ECCCE658827}
	EndProjectSection
EndProject
Project("{8BC9CEB8-8B4A-11D0-8D11-00A0C91BC942}") = "BankActiveX", "BankActiveX\BankActiveX.vcproj", "{82EFF587-B5E9-4D4F-AF64-C043241EBC24}"
EndProject
Project("{2150E333-8FDC-42A3-9474-1A3956D46DE8}") = "Tools", "Tools", "{403DE8A5-E4BD-4530-A397-DCD0E1C62187}"
EndProject
Project("{8BC9CEB8-8B4A-11D0-8D11-00A0C91BC942}") = "Updater", "Updater\Updater.vcproj", "{7630BE51-390C-4DE5-AFCA-661E5EA4DF19}"
	ProjectSection(ProjectDependencies) = postProject
		{EFE5B91C-5055-4EC9-9FA3-CCF8EEDB8BC0} = {EFE5B91C-5055-4EC9-9FA3-CCF8EEDB8BC0}
		{F093291E-C1BB-4591-AF21-C570E3134EBA} = {F093291E-C1BB-4591-AF21-C570E3134EBA}
		{61981C35-8719-474B-BD0E-A9103B6EB7F0} = {61981C35-8719-474B-BD0E-A9103B6EB7F0}
		{FD5AA278-32AD-4EE2-9215-797E9E529D4D} = {FD5AA278-32AD-4EE2-9215-797E9E529D4D}
		{1FF89A88-67BC-4D07-BDF9-EFBC664332F5} = {1FF89A88-67BC-4D07-BDF9-EFBC664332F5}
		{2FBCC4B3-9E52-400B-9D58-B82619561180} = {2FBCC4B3-9E52-400B-9D58-B82619561180}
		{3B7F51D3-1B6D-4187-A2F8-1D0FFE7114D1} = {3B7F51D3-1B6D-4187-A2F8-1D0FFE7114D1}
		{997884D7-3DC7-43A8-9D61-250C531F4A73} = {997884D7-3DC7-43A8-9D61-250C531F4A73}
		{0C42FEDE-3F4A-42F0-93BB-ACCB0C0B7291} = {0C42FEDE-3F4A-42F0-93BB-ACCB0C0B7291}
		{5A7BBAFA-5535-42BA-A771-7189E7B389BC} = {5A7BBAFA-5535-42BA-A771-7189E7B389BC}
	EndProjectSection
EndProject
Project("{8BC9CEB8-8B4A-11D0-8D11-00A0C91BC942}") = "BankMdrVerifier", "Security\Authentication\BankMdrVerifier\BankMdrVerifier.vcproj", "{5A7BBAFA-5535-42BA-A771-7189E7B389BC}"
EndProject
Project("{2150E333-8FDC-42A3-9474-1A3956D46DE8}") = "Encryption", "Encryption", "{52284820-A5A3-464F-A34A-DEC7D6A629B9}"
EndProject
Project("{8BC9CEB8-8B4A-11D0-8D11-00A0C91BC942}") = "AES", "Encryption\AES\AES.vcproj", "{3B7F51D3-1B6D-4187-A2F8-1D0FFE7114D1}"
EndProject
Project("{8BC9CEB8-8B4A-11D0-8D11-00A0C91BC942}") = "CHKFile", "Encryption\CHKFile\CHKFile.vcproj", "{61981C35-8719-474B-BD0E-A9103B6EB7F0}"
EndProject
Project("{8BC9CEB8-8B4A-11D0-8D11-00A0C91BC942}") = "MakeCHK", "Encryption\MakeCHK\MakeCHK.vcproj", "{47D93457-32F8-4F6F-B0ED-B6478ECF6FA8}"
	ProjectSection(ProjectDependencies) = postProject
		{F093291E-C1BB-4591-AF21-C570E3134EBA} = {F093291E-C1BB-4591-AF21-C570E3134EBA}
		{61981C35-8719-474B-BD0E-A9103B6EB7F0} = {61981C35-8719-474B-BD0E-A9103B6EB7F0}
		{3B7F51D3-1B6D-4187-A2F8-1D0FFE7114D1} = {3B7F51D3-1B6D-4187-A2F8-1D0FFE7114D1}
		{0C42FEDE-3F4A-42F0-93BB-ACCB0C0B7291} = {0C42FEDE-3F4A-42F0-93BB-ACCB0C0B7291}
	EndProjectSection
EndProject
Project("{8BC9CEB8-8B4A-11D0-8D11-00A0C91BC942}") = "RSA", "Encryption\RSA\RSA.vcproj", "{F093291E-C1BB-4591-AF21-C570E3134EBA}"
EndProject
Project("{8BC9CEB8-8B4A-11D0-8D11-00A0C91BC942}") = "SHA1", "Encryption\SHA1\SHA1.vcproj", "{0C42FEDE-3F4A-42F0-93BB-ACCB0C0B7291}"
EndProject
Project("{8BC9CEB8-8B4A-11D0-8D11-00A0C91BC942}") = "TestCHK", "Encryption\TestCHK\TestCHK.vcproj", "{6419661B-E134-46FD-8B1A-08F5F059E9F1}"
	ProjectSection(ProjectDependencies) = postProject
		{F093291E-C1BB-4591-AF21-C570E3134EBA} = {F093291E-C1BB-4591-AF21-C570E3134EBA}
		{61981C35-8719-474B-BD0E-A9103B6EB7F0} = {61981C35-8719-474B-BD0E-A9103B6EB7F0}
		{3B7F51D3-1B6D-4187-A2F8-1D0FFE7114D1} = {3B7F51D3-1B6D-4187-A2F8-1D0FFE7114D1}
		{0C42FEDE-3F4A-42F0-93BB-ACCB0C0B7291} = {0C42FEDE-3F4A-42F0-93BB-ACCB0C0B7291}
	EndProjectSection
EndProject
Project("{8BC9CEB8-8B4A-11D0-8D11-00A0C91BC942}") = "Communication", "Encryption\Communication\Communication.vcproj", "{D09D61DE-AE85-48B2-B52E-F5B362424E2B}"
EndProject
Project("{2150E333-8FDC-42A3-9474-1A3956D46DE8}") = "DriverFileLog", "DriverFileLog", "{587F1AC4-DCFA-4088-AA20-6AB35B78C6A9}"
	ProjectSection(SolutionItems) = preProject
		Tools\DriverLogger(Unicode)\FileLog.cpp = Tools\DriverLogger(Unicode)\FileLog.cpp
		Tools\DriverLogger(Unicode)\FileLog.h = Tools\DriverLogger(Unicode)\FileLog.h
		Tools\DriverLogger(Unicode)\LogConst.h = Tools\DriverLogger(Unicode)\LogConst.h
	EndProjectSection
EndProject
Project("{8BC9CEB8-8B4A-11D0-8D11-00A0C91BC942}") = "BankData", "BankData\BankData.vcproj", "{2FBCC4B3-9E52-400B-9D58-B82619561180}"
	ProjectSection(ProjectDependencies) = postProject
		{FD5AA278-32AD-4EE2-9215-797E9E529D4D} = {FD5AA278-32AD-4EE2-9215-797E9E529D4D}
		{1FF89A88-67BC-4D07-BDF9-EFBC664332F5} = {1FF89A88-67BC-4D07-BDF9-EFBC664332F5}
		{318361FF-0FBB-48B5-A4D7-B4BFDDE12F3E} = {318361FF-0FBB-48B5-A4D7-B4BFDDE12F3E}
	EndProjectSection
EndProject
Project("{8BC9CEB8-8B4A-11D0-8D11-00A0C91BC942}") = "Moneyhub_Agent", "Moneyhub_Agent\Moneyhub_Agent.vcproj", "{BE741716-62CF-407B-9A67-EB4196309F03}"
	ProjectSection(ProjectDependencies) = postProject
		{FD5AA278-32AD-4EE2-9215-797E9E529D4D} = {FD5AA278-32AD-4EE2-9215-797E9E529D4D}
		{C0D61A82-F43D-4B3B-8AC8-AA3212D64600} = {C0D61A82-F43D-4B3B-8AC8-AA3212D64600}
		{8D7F4EA0-459E-4A1F-A771-5DDA61734AD9} = {8D7F4EA0-459E-4A1F-A771-5DDA61734AD9}
		{2FBCC4B3-9E52-400B-9D58-B82619561180} = {2FBCC4B3-9E52-400B-9D58-B82619561180}
		{3B7F51D3-1B6D-4187-A2F8-1D0FFE7114D1} = {3B7F51D3-1B6D-4187-A2F8-1D0FFE7114D1}
		{0C42FEDE-3F4A-42F0-93BB-ACCB0C0B7291} = {0C42FEDE-3F4A-42F0-93BB-ACCB0C0B7291}
	EndProjectSection
EndProject
Project("{8BC9CEB8-8B4A-11D0-8D11-00A0C91BC942}") = "USBControl", "USBControl\USBControl.vcproj", "{416ECD6B-1170-478A-BF93-B83E9D9B8A03}"
	ProjectSection(ProjectDependencies) = postProject
		{61981C35-8719-474B-BD0E-A9103B6EB7F0} = {61981C35-8719-474B-BD0E-A9103B6EB7F0}
		{FD5AA278-32AD-4EE2-9215-797E9E529D4D} = {FD5AA278-32AD-4EE2-9215-797E9E529D4D}
		{1FF89A88-67BC-4D07-BDF9-EFBC664332F5} = {1FF89A88-67BC-4D07-BDF9-EFBC664332F5}
		{2FBCC4B3-9E52-400B-9D58-B82619561180} = {2FBCC4B3-9E52-400B-9D58-B82619561180}
	EndProjectSection
EndProject
Project("{8BC9CEB8-8B4A-11D0-8D11-00A0C91BC942}") = "BankDrv64", "Security\BankDrv64\BankDrv\BankDrv.vcproj", "{CF03AE0B-1AA9-405D-B102-BDCE39B0EFC6}"
EndProject
Project("{2150E333-8FDC-42A3-9474-1A3956D46DE8}") = "Driver", "Driver", "{A4FED8E4-D437-4942-AF15-8F95FD46E0DC}"
EndProject
Project("{2150E333-8FDC-42A3-9474-1A3956D46DE8}") = "Driver32", "Driver32", "{C12E4CA0-7804-4A07-A701-9A87CCC372EA}"
EndProject
Project("{2150E333-8FDC-42A3-9474-1A3956D46DE8}") = "Driver64", "Driver64", "{968075E0-B1A2-4830-93F9-D18D87D0E693}"
EndProject
Project("{8BC9CEB8-8B4A-11D0-8D11-00A0C91BC942}") = "SystemDB", "SystemDB\SystemDB.vcproj", "{A8E594BF-1DD1-4EA6-8CCB-1D5770EE406E}"
	ProjectSection(ProjectDependencies) = postProject
		{FD5AA278-32AD-4EE2-9215-797E9E529D4D} = {FD5AA278-32AD-4EE2-9215-797E9E529D4D}
		{32407EAD-2009-4ABF-9DF3-4339446D0EAD} = {32407EAD-2009-4ABF-9DF3-4339446D0EAD}
		{3B7F51D3-1B6D-4187-A2F8-1D0FFE7114D1} = {3B7F51D3-1B6D-4187-A2F8-1D0FFE7114D1}
		{0C42FEDE-3F4A-42F0-93BB-ACCB0C0B7291} = {0C42FEDE-3F4A-42F0-93BB-ACCB0C0B7291}
	EndProjectSection
EndProject
Project("{2150E333-8FDC-42A3-9474-1A3956D46DE8}") = "GetBill", "GetBill", "{B06D0566-2ADD-43E9-A71E-ED5C8156FA57}"
EndProject
Project("{8BC9CEB8-8B4A-11D0-8D11-00A0C91BC942}") = "CMBChina", "GetBill\CMBChina\CMBChina.vcproj", "{9BD3E55F-A516-4CF3-92B3-D9F2F7B2D273}"
	ProjectSection(ProjectDependencies) = postProject
		{8D7F4EA0-459E-4A1F-A771-5DDA61734AD9} = {8D7F4EA0-459E-4A1F-A771-5DDA61734AD9}
	EndProjectSection
EndProject
Project("{8BC9CEB8-8B4A-11D0-8D11-00A0C91BC942}") = "EncryptJSFile", "Encryption\EncryptJSFile\EncryptJSFile.vcproj", "{1353B6D2-2925-4AD2-A36F-EAD6DA1096EF}"
	ProjectSection(ProjectDependencies) = postProject
		{FD5AA278-32AD-4EE2-9215-797E9E529D4D} = {FD5AA278-32AD-4EE2-9215-797E9E529D4D}
		{3B7F51D3-1B6D-4187-A2F8-1D0FFE7114D1} = {3B7F51D3-1B6D-4187-A2F8-1D0FFE7114D1}
		{0C42FEDE-3F4A-42F0-93BB-ACCB0C0B7291} = {0C42FEDE-3F4A-42F0-93BB-ACCB0C0B7291}
	EndProjectSection
EndProject
Project("{2150E333-8FDC-42A3-9474-1A3956D46DE8}") = "ThirdParty", "ThirdParty", "{E937576E-9329-4A0D-8712-5A2CCF2F5496}"
EndProject
Project("{8BC9CEB8-8B4A-11D0-8D11-00A0C91BC942}") = "Sqlite3", "ThirdParty\Sqlite3\Sqlite3.vcproj", "{1E9CE8AE-C540-4F85-B0E6-3ECCCE658827}"
EndProject
Project("{8BC9CEB8-8B4A-11D0-8D11-00A0C91BC942}") = "CabExtract", "ThirdParty\CabExtract\CabExtract.vcproj", "{997884D7-3DC7-43A8-9D61-250C531F4A73}"
EndProject
Project("{8BC9CEB8-8B4A-11D0-8D11-00A0C91BC942}") = "Detours", "ThirdParty\detours\detours.vcproj", "{D3EDA37C-4D20-451B-A147-17F210A7E680}"
EndProject
Project("{8BC9CEB8-8B4A-11D0-8D11-00A0C91BC942}") = "Json", "ThirdParty\json\json.vcproj", "{318361FF-0FBB-48B5-A4D7-B4BFDDE12F3E}"
EndProject
Project("{8BC9CEB8-8B4A-11D0-8D11-00A0C91BC942}") = "RunLog", "ThirdParty\RunLog\RunLog.vcproj", "{8D7F4EA0-459E-4A1F-A771-5DDA61734AD9}"
EndProject
Project("{8BC9CEB8-8B4A-11D0-8D11-00A0C91BC942}") = "Tinyxml", "ThirdParty\tinyxml\tinyxml.vcproj", "{1FF89A88-67BC-4D07-BDF9-EFBC664332F5}"
EndProject
Project("{8BC9CEB8-8B4A-11D0-8D11-00A0C91BC942}") = "ecitic", "GetBill\ecitic\ecitic.vcproj", "{9BD3E55F-A516-4CF3-92B3-D9F2F7B2D276}"
EndProject
Global
	GlobalSection(SolutionConfigurationPlatforms) = preSolution
		64Driver|Win32 = 64Driver|Win32
		64Driver|x64 = 64Driver|x64
		64Test|Win32 = 64Test|Win32
		64Test|x64 = 64Test|x64
		Debug|Win32 = Debug|Win32
		Debug|x64 = Debug|x64
		DebugSingleProcess|Win32 = DebugSingleProcess|Win32
		DebugSingleProcess|x64 = DebugSingleProcess|x64
		Official|Win32 = Official|Win32
		Official|x64 = Official|x64
		Release|Win32 = Release|Win32
		Release|x64 = Release|x64
		Test|Win32 = Test|Win32
		Test|x64 = Test|x64
	EndGlobalSection
	GlobalSection(ProjectConfigurationPlatforms) = postSolution
		{57D8F75F-3DF8-430D-B0B3-FCCA96EEAD55}.64Driver|Win32.ActiveCfg = 64Driver|Win32
		{57D8F75F-3DF8-430D-B0B3-FCCA96EEAD55}.64Driver|x64.ActiveCfg = 64Driver|Win32
		{57D8F75F-3DF8-430D-B0B3-FCCA96EEAD55}.64Test|Win32.ActiveCfg = 64Test|Win32
		{57D8F75F-3DF8-430D-B0B3-FCCA96EEAD55}.64Test|x64.ActiveCfg = 64Test|Win32
		{57D8F75F-3DF8-430D-B0B3-FCCA96EEAD55}.Debug|Win32.ActiveCfg = Debug|Win32
		{57D8F75F-3DF8-430D-B0B3-FCCA96EEAD55}.Debug|Win32.Build.0 = Debug|Win32
		{57D8F75F-3DF8-430D-B0B3-FCCA96EEAD55}.Debug|x64.ActiveCfg = Debug|Win32
		{57D8F75F-3DF8-430D-B0B3-FCCA96EEAD55}.DebugSingleProcess|Win32.ActiveCfg = DebugSingleProcess|Win32
		{57D8F75F-3DF8-430D-B0B3-FCCA96EEAD55}.DebugSingleProcess|Win32.Build.0 = DebugSingleProcess|Win32
		{57D8F75F-3DF8-430D-B0B3-FCCA96EEAD55}.DebugSingleProcess|x64.ActiveCfg = DebugSingleProcess|Win32
		{57D8F75F-3DF8-430D-B0B3-FCCA96EEAD55}.Official|Win32.ActiveCfg = Official|Win32
		{57D8F75F-3DF8-430D-B0B3-FCCA96EEAD55}.Official|Win32.Build.0 = Official|Win32
		{57D8F75F-3DF8-430D-B0B3-FCCA96EEAD55}.Official|x64.ActiveCfg = Official|Win32
		{57D8F75F-3DF8-430D-B0B3-FCCA96EEAD55}.Release|Win32.ActiveCfg = Release|Win32
		{57D8F75F-3DF8-430D-B0B3-FCCA96EEAD55}.Release|Win32.Build.0 = Release|Win32
		{57D8F75F-3DF8-430D-B0B3-FCCA96EEAD55}.Release|x64.ActiveCfg = Release|Win32
		{57D8F75F-3DF8-430D-B0B3-FCCA96EEAD55}.Test|Win32.ActiveCfg = Test|Win32
		{57D8F75F-3DF8-430D-B0B3-FCCA96EEAD55}.Test|Win32.Build.0 = Test|Win32
		{57D8F75F-3DF8-430D-B0B3-FCCA96EEAD55}.Test|x64.ActiveCfg = Test|Win32
		{A13F0547-8C51-44E2-8990-AE10C89B3E91}.64Driver|Win32.ActiveCfg = 64Driver|Win32
		{A13F0547-8C51-44E2-8990-AE10C89B3E91}.64Driver|x64.ActiveCfg = 64Driver|Win32
		{A13F0547-8C51-44E2-8990-AE10C89B3E91}.64Test|Win32.ActiveCfg = 64Test|Win32
		{A13F0547-8C51-44E2-8990-AE10C89B3E91}.64Test|x64.ActiveCfg = 64Test|Win32
		{A13F0547-8C51-44E2-8990-AE10C89B3E91}.Debug|Win32.ActiveCfg = Debug|Win32
		{A13F0547-8C51-44E2-8990-AE10C89B3E91}.Debug|Win32.Build.0 = Debug|Win32
		{A13F0547-8C51-44E2-8990-AE10C89B3E91}.Debug|x64.ActiveCfg = Debug|Win32
		{A13F0547-8C51-44E2-8990-AE10C89B3E91}.DebugSingleProcess|Win32.ActiveCfg = DebugSingleProcess|Win32
		{A13F0547-8C51-44E2-8990-AE10C89B3E91}.DebugSingleProcess|Win32.Build.0 = DebugSingleProcess|Win32
		{A13F0547-8C51-44E2-8990-AE10C89B3E91}.DebugSingleProcess|x64.ActiveCfg = DebugSingleProcess|Win32
		{A13F0547-8C51-44E2-8990-AE10C89B3E91}.Official|Win32.ActiveCfg = Official|Win32
		{A13F0547-8C51-44E2-8990-AE10C89B3E91}.Official|Win32.Build.0 = Official|Win32
		{A13F0547-8C51-44E2-8990-AE10C89B3E91}.Official|x64.ActiveCfg = Official|Win32
		{A13F0547-8C51-44E2-8990-AE10C89B3E91}.Release|Win32.ActiveCfg = Release|Win32
		{A13F0547-8C51-44E2-8990-AE10C89B3E91}.Release|Win32.Build.0 = Release|Win32
		{A13F0547-8C51-44E2-8990-AE10C89B3E91}.Release|x64.ActiveCfg = Release|Win32
		{A13F0547-8C51-44E2-8990-AE10C89B3E91}.Test|Win32.ActiveCfg = Test|Win32
		{A13F0547-8C51-44E2-8990-AE10C89B3E91}.Test|Win32.Build.0 = Test|Win32
		{A13F0547-8C51-44E2-8990-AE10C89B3E91}.Test|x64.ActiveCfg = Test|Win32
		{4CE15E3D-CA44-4AB9-B146-F82F929FE465}.64Driver|Win32.ActiveCfg = 64Driver|Win32
		{4CE15E3D-CA44-4AB9-B146-F82F929FE465}.64Driver|x64.ActiveCfg = 64Driver|Win32
		{4CE15E3D-CA44-4AB9-B146-F82F929FE465}.64Test|Win32.ActiveCfg = 64Test|Win32
		{4CE15E3D-CA44-4AB9-B146-F82F929FE465}.64Test|x64.ActiveCfg = 64Test|Win32
		{4CE15E3D-CA44-4AB9-B146-F82F929FE465}.Debug|Win32.ActiveCfg = Debug|Win32
		{4CE15E3D-CA44-4AB9-B146-F82F929FE465}.Debug|Win32.Build.0 = Debug|Win32
		{4CE15E3D-CA44-4AB9-B146-F82F929FE465}.Debug|x64.ActiveCfg = Debug|Win32
		{4CE15E3D-CA44-4AB9-B146-F82F929FE465}.DebugSingleProcess|Win32.ActiveCfg = Debug|Win32
		{4CE15E3D-CA44-4AB9-B146-F82F929FE465}.DebugSingleProcess|Win32.Build.0 = Debug|Win32
		{4CE15E3D-CA44-4AB9-B146-F82F929FE465}.DebugSingleProcess|x64.ActiveCfg = Debug|Win32
		{4CE15E3D-CA44-4AB9-B146-F82F929FE465}.Official|Win32.ActiveCfg = Official|Win32
		{4CE15E3D-CA44-4AB9-B146-F82F929FE465}.Official|Win32.Build.0 = Official|Win32
		{4CE15E3D-CA44-4AB9-B146-F82F929FE465}.Official|x64.ActiveCfg = Official|Win32
		{4CE15E3D-CA44-4AB9-B146-F82F929FE465}.Release|Win32.ActiveCfg = Release|Win32
		{4CE15E3D-CA44-4AB9-B146-F82F929FE465}.Release|Win32.Build.0 = Release|Win32
		{4CE15E3D-CA44-4AB9-B146-F82F929FE465}.Release|x64.ActiveCfg = Release|Win32
		{4CE15E3D-CA44-4AB9-B146-F82F929FE465}.Test|Win32.ActiveCfg = Test|Win32
		{4CE15E3D-CA44-4AB9-B146-F82F929FE465}.Test|Win32.Build.0 = Test|Win32
		{4CE15E3D-CA44-4AB9-B146-F82F929FE465}.Test|x64.ActiveCfg = Test|Win32
		{CEA51C03-DCE3-41F2-8E0F-DCD1B57A54B1}.64Driver|Win32.ActiveCfg = 64Driver|Win32
		{CEA51C03-DCE3-41F2-8E0F-DCD1B57A54B1}.64Driver|x64.ActiveCfg = 64Driver|Win32
		{CEA51C03-DCE3-41F2-8E0F-DCD1B57A54B1}.64Test|Win32.ActiveCfg = 64Test|Win32
		{CEA51C03-DCE3-41F2-8E0F-DCD1B57A54B1}.64Test|x64.ActiveCfg = 64Test|Win32
		{CEA51C03-DCE3-41F2-8E0F-DCD1B57A54B1}.Debug|Win32.ActiveCfg = Debug|Win32
		{CEA51C03-DCE3-41F2-8E0F-DCD1B57A54B1}.Debug|Win32.Build.0 = Debug|Win32
		{CEA51C03-DCE3-41F2-8E0F-DCD1B57A54B1}.Debug|x64.ActiveCfg = Debug|Win32
		{CEA51C03-DCE3-41F2-8E0F-DCD1B57A54B1}.DebugSingleProcess|Win32.ActiveCfg = Debug|Win32
		{CEA51C03-DCE3-41F2-8E0F-DCD1B57A54B1}.DebugSingleProcess|Win32.Build.0 = Debug|Win32
		{CEA51C03-DCE3-41F2-8E0F-DCD1B57A54B1}.DebugSingleProcess|x64.ActiveCfg = Debug|Win32
		{CEA51C03-DCE3-41F2-8E0F-DCD1B57A54B1}.Official|Win32.ActiveCfg = Official|Win32
		{CEA51C03-DCE3-41F2-8E0F-DCD1B57A54B1}.Official|Win32.Build.0 = Official|Win32
		{CEA51C03-DCE3-41F2-8E0F-DCD1B57A54B1}.Official|x64.ActiveCfg = Official|Win32
		{CEA51C03-DCE3-41F2-8E0F-DCD1B57A54B1}.Release|Win32.ActiveCfg = Release|Win32
		{CEA51C03-DCE3-41F2-8E0F-DCD1B57A54B1}.Release|Win32.Build.0 = Release|Win32
		{CEA51C03-DCE3-41F2-8E0F-DCD1B57A54B1}.Release|x64.ActiveCfg = Release|Win32
		{CEA51C03-DCE3-41F2-8E0F-DCD1B57A54B1}.Test|Win32.ActiveCfg = Test|Win32
		{CEA51C03-DCE3-41F2-8E0F-DCD1B57A54B1}.Test|Win32.Build.0 = Test|Win32
		{CEA51C03-DCE3-41F2-8E0F-DCD1B57A54B1}.Test|x64.ActiveCfg = Test|Win32
		{EFE5B91C-5055-4EC9-9FA3-CCF8EEDB8BC0}.64Driver|Win32.ActiveCfg = 64Driver|Win32
		{EFE5B91C-5055-4EC9-9FA3-CCF8EEDB8BC0}.64Driver|x64.ActiveCfg = 64Driver|Win32
		{EFE5B91C-5055-4EC9-9FA3-CCF8EEDB8BC0}.64Test|Win32.ActiveCfg = 64Test|Win32
		{EFE5B91C-5055-4EC9-9FA3-CCF8EEDB8BC0}.64Test|x64.ActiveCfg = 64Test|Win32
		{EFE5B91C-5055-4EC9-9FA3-CCF8EEDB8BC0}.Debug|Win32.ActiveCfg = Debug|Win32
		{EFE5B91C-5055-4EC9-9FA3-CCF8EEDB8BC0}.Debug|Win32.Build.0 = Debug|Win32
		{EFE5B91C-5055-4EC9-9FA3-CCF8EEDB8BC0}.Debug|x64.ActiveCfg = Debug|Win32
		{EFE5B91C-5055-4EC9-9FA3-CCF8EEDB8BC0}.DebugSingleProcess|Win32.ActiveCfg = Debug|Win32
		{EFE5B91C-5055-4EC9-9FA3-CCF8EEDB8BC0}.DebugSingleProcess|Win32.Build.0 = Debug|Win32
		{EFE5B91C-5055-4EC9-9FA3-CCF8EEDB8BC0}.DebugSingleProcess|x64.ActiveCfg = Debug|Win32
		{EFE5B91C-5055-4EC9-9FA3-CCF8EEDB8BC0}.Official|Win32.ActiveCfg = Official|Win32
		{EFE5B91C-5055-4EC9-9FA3-CCF8EEDB8BC0}.Official|Win32.Build.0 = Official|Win32
		{EFE5B91C-5055-4EC9-9FA3-CCF8EEDB8BC0}.Official|x64.ActiveCfg = Official|Win32
		{EFE5B91C-5055-4EC9-9FA3-CCF8EEDB8BC0}.Release|Win32.ActiveCfg = Release|Win32
		{EFE5B91C-5055-4EC9-9FA3-CCF8EEDB8BC0}.Release|Win32.Build.0 = Release|Win32
		{EFE5B91C-5055-4EC9-9FA3-CCF8EEDB8BC0}.Release|x64.ActiveCfg = Release|Win32
		{EFE5B91C-5055-4EC9-9FA3-CCF8EEDB8BC0}.Test|Win32.ActiveCfg = Test|Win32
		{EFE5B91C-5055-4EC9-9FA3-CCF8EEDB8BC0}.Test|Win32.Build.0 = Test|Win32
		{EFE5B91C-5055-4EC9-9FA3-CCF8EEDB8BC0}.Test|x64.ActiveCfg = Test|Win32
		{32407EAD-2009-4ABF-9DF3-4339446D0EAD}.64Driver|Win32.ActiveCfg = 64Driver|Win32
		{32407EAD-2009-4ABF-9DF3-4339446D0EAD}.64Driver|x64.ActiveCfg = 64Driver|Win32
		{32407EAD-2009-4ABF-9DF3-4339446D0EAD}.64Test|Win32.ActiveCfg = 64Test|Win32
		{32407EAD-2009-4ABF-9DF3-4339446D0EAD}.64Test|x64.ActiveCfg = 64Test|Win32
		{32407EAD-2009-4ABF-9DF3-4339446D0EAD}.Debug|Win32.ActiveCfg = Debug|Win32
		{32407EAD-2009-4ABF-9DF3-4339446D0EAD}.Debug|Win32.Build.0 = Debug|Win32
		{32407EAD-2009-4ABF-9DF3-4339446D0EAD}.Debug|x64.ActiveCfg = Debug|Win32
		{32407EAD-2009-4ABF-9DF3-4339446D0EAD}.DebugSingleProcess|Win32.ActiveCfg = Debug|Win32
		{32407EAD-2009-4ABF-9DF3-4339446D0EAD}.DebugSingleProcess|Win32.Build.0 = Debug|Win32
		{32407EAD-2009-4ABF-9DF3-4339446D0EAD}.DebugSingleProcess|x64.ActiveCfg = Debug|Win32
		{32407EAD-2009-4ABF-9DF3-4339446D0EAD}.Official|Win32.ActiveCfg = Official|Win32
		{32407EAD-2009-4ABF-9DF3-4339446D0EAD}.Official|Win32.Build.0 = Official|Win32
		{32407EAD-2009-4ABF-9DF3-4339446D0EAD}.Official|x64.ActiveCfg = Official|Win32
		{32407EAD-2009-4ABF-9DF3-4339446D0EAD}.Release|Win32.ActiveCfg = Release|Win32
		{32407EAD-2009-4ABF-9DF3-4339446D0EAD}.Release|Win32.Build.0 = Release|Win32
		{32407EAD-2009-4ABF-9DF3-4339446D0EAD}.Release|x64.ActiveCfg = Release|Win32
		{32407EAD-2009-4ABF-9DF3-4339446D0EAD}.Test|Win32.ActiveCfg = Test|Win32
		{32407EAD-2009-4ABF-9DF3-4339446D0EAD}.Test|Win32.Build.0 = Test|Win32
		{32407EAD-2009-4ABF-9DF3-4339446D0EAD}.Test|x64.ActiveCfg = Test|Win32
		{C0D61A82-F43D-4B3B-8AC8-AA3212D64600}.64Driver|Win32.ActiveCfg = 64Driver|Win32
		{C0D61A82-F43D-4B3B-8AC8-AA3212D64600}.64Driver|x64.ActiveCfg = 64Driver|Win32
		{C0D61A82-F43D-4B3B-8AC8-AA3212D64600}.64Test|Win32.ActiveCfg = 64Test|Win32
		{C0D61A82-F43D-4B3B-8AC8-AA3212D64600}.64Test|x64.ActiveCfg = 64Test|Win32
		{C0D61A82-F43D-4B3B-8AC8-AA3212D64600}.Debug|Win32.ActiveCfg = Debug|Win32
		{C0D61A82-F43D-4B3B-8AC8-AA3212D64600}.Debug|Win32.Build.0 = Debug|Win32
		{C0D61A82-F43D-4B3B-8AC8-AA3212D64600}.Debug|x64.ActiveCfg = Debug|Win32
		{C0D61A82-F43D-4B3B-8AC8-AA3212D64600}.DebugSingleProcess|Win32.ActiveCfg = Debug|Win32
		{C0D61A82-F43D-4B3B-8AC8-AA3212D64600}.DebugSingleProcess|Win32.Build.0 = Debug|Win32
		{C0D61A82-F43D-4B3B-8AC8-AA3212D64600}.DebugSingleProcess|x64.ActiveCfg = Debug|Win32
		{C0D61A82-F43D-4B3B-8AC8-AA3212D64600}.Official|Win32.ActiveCfg = Official|Win32
		{C0D61A82-F43D-4B3B-8AC8-AA3212D64600}.Official|Win32.Build.0 = Official|Win32
		{C0D61A82-F43D-4B3B-8AC8-AA3212D64600}.Official|x64.ActiveCfg = Official|Win32
		{C0D61A82-F43D-4B3B-8AC8-AA3212D64600}.Release|Win32.ActiveCfg = Release|Win32
		{C0D61A82-F43D-4B3B-8AC8-AA3212D64600}.Release|Win32.Build.0 = Release|Win32
		{C0D61A82-F43D-4B3B-8AC8-AA3212D64600}.Release|x64.ActiveCfg = Release|Win32
		{C0D61A82-F43D-4B3B-8AC8-AA3212D64600}.Test|Win32.ActiveCfg = Test|Win32
		{C0D61A82-F43D-4B3B-8AC8-AA3212D64600}.Test|Win32.Build.0 = Test|Win32
		{C0D61A82-F43D-4B3B-8AC8-AA3212D64600}.Test|x64.ActiveCfg = Test|Win32
		{FDD15E99-CED6-4F60-9A00-4C9E2C8353E2}.64Driver|Win32.ActiveCfg = 64Driver|Win32
		{FDD15E99-CED6-4F60-9A00-4C9E2C8353E2}.64Driver|x64.ActiveCfg = 64Driver|Win32
		{FDD15E99-CED6-4F60-9A00-4C9E2C8353E2}.64Test|Win32.ActiveCfg = 64Test|Win32
		{FDD15E99-CED6-4F60-9A00-4C9E2C8353E2}.64Test|x64.ActiveCfg = 64Test|Win32
		{FDD15E99-CED6-4F60-9A00-4C9E2C8353E2}.Debug|Win32.ActiveCfg = Debug|Win32
		{FDD15E99-CED6-4F60-9A00-4C9E2C8353E2}.Debug|Win32.Build.0 = Debug|Win32
		{FDD15E99-CED6-4F60-9A00-4C9E2C8353E2}.Debug|x64.ActiveCfg = Debug|Win32
		{FDD15E99-CED6-4F60-9A00-4C9E2C8353E2}.DebugSingleProcess|Win32.ActiveCfg = Debug|Win32
		{FDD15E99-CED6-4F60-9A00-4C9E2C8353E2}.DebugSingleProcess|Win32.Build.0 = Debug|Win32
		{FDD15E99-CED6-4F60-9A00-4C9E2C8353E2}.DebugSingleProcess|x64.ActiveCfg = Debug|Win32
		{FDD15E99-CED6-4F60-9A00-4C9E2C8353E2}.Official|Win32.ActiveCfg = Official|Win32
		{FDD15E99-CED6-4F60-9A00-4C9E2C8353E2}.Official|Win32.Build.0 = Official|Win32
		{FDD15E99-CED6-4F60-9A00-4C9E2C8353E2}.Official|x64.ActiveCfg = Official|Win32
		{FDD15E99-CED6-4F60-9A00-4C9E2C8353E2}.Release|Win32.ActiveCfg = Release|Win32
		{FDD15E99-CED6-4F60-9A00-4C9E2C8353E2}.Release|Win32.Build.0 = Release|Win32
		{FDD15E99-CED6-4F60-9A00-4C9E2C8353E2}.Release|x64.ActiveCfg = Release|Win32
		{FDD15E99-CED6-4F60-9A00-4C9E2C8353E2}.Test|Win32.ActiveCfg = Test|Win32
		{FDD15E99-CED6-4F60-9A00-4C9E2C8353E2}.Test|Win32.Build.0 = Test|Win32
		{FDD15E99-CED6-4F60-9A00-4C9E2C8353E2}.Test|x64.ActiveCfg = Test|Win32
		{807E6E9E-4F6F-4A87-BB6C-D8B0772F7078}.64Driver|Win32.ActiveCfg = 64Driver|Win32
		{807E6E9E-4F6F-4A87-BB6C-D8B0772F7078}.64Driver|x64.ActiveCfg = 64Driver|Win32
		{807E6E9E-4F6F-4A87-BB6C-D8B0772F7078}.64Test|Win32.ActiveCfg = 64Test|Win32
		{807E6E9E-4F6F-4A87-BB6C-D8B0772F7078}.64Test|x64.ActiveCfg = 64Test|Win32
		{807E6E9E-4F6F-4A87-BB6C-D8B0772F7078}.Debug|Win32.ActiveCfg = Debug|Win32
		{807E6E9E-4F6F-4A87-BB6C-D8B0772F7078}.Debug|Win32.Build.0 = Debug|Win32
		{807E6E9E-4F6F-4A87-BB6C-D8B0772F7078}.Debug|x64.ActiveCfg = Debug|Win32
		{807E6E9E-4F6F-4A87-BB6C-D8B0772F7078}.DebugSingleProcess|Win32.ActiveCfg = Debug|Win32
		{807E6E9E-4F6F-4A87-BB6C-D8B0772F7078}.DebugSingleProcess|Win32.Build.0 = Debug|Win32
		{807E6E9E-4F6F-4A87-BB6C-D8B0772F7078}.DebugSingleProcess|x64.ActiveCfg = Debug|Win32
		{807E6E9E-4F6F-4A87-BB6C-D8B0772F7078}.Official|Win32.ActiveCfg = Official|Win32
		{807E6E9E-4F6F-4A87-BB6C-D8B0772F7078}.Official|Win32.Build.0 = Official|Win32
		{807E6E9E-4F6F-4A87-BB6C-D8B0772F7078}.Official|x64.ActiveCfg = Official|Win32
		{807E6E9E-4F6F-4A87-BB6C-D8B0772F7078}.Release|Win32.ActiveCfg = Release|Win32
		{807E6E9E-4F6F-4A87-BB6C-D8B0772F7078}.Release|Win32.Build.0 = Release|Win32
		{807E6E9E-4F6F-4A87-BB6C-D8B0772F7078}.Release|x64.ActiveCfg = Release|Win32
		{807E6E9E-4F6F-4A87-BB6C-D8B0772F7078}.Test|Win32.ActiveCfg = Test|Win32
		{807E6E9E-4F6F-4A87-BB6C-D8B0772F7078}.Test|Win32.Build.0 = Test|Win32
		{807E6E9E-4F6F-4A87-BB6C-D8B0772F7078}.Test|x64.ActiveCfg = Test|Win32
		{FD5AA278-32AD-4EE2-9215-797E9E529D4D}.64Driver|Win32.ActiveCfg = 64Driver|Win32
		{FD5AA278-32AD-4EE2-9215-797E9E529D4D}.64Driver|x64.ActiveCfg = 64Driver|Win32
		{FD5AA278-32AD-4EE2-9215-797E9E529D4D}.64Test|Win32.ActiveCfg = 64Test|Win32
		{FD5AA278-32AD-4EE2-9215-797E9E529D4D}.64Test|x64.ActiveCfg = 64Test|Win32
		{FD5AA278-32AD-4EE2-9215-797E9E529D4D}.Debug|Win32.ActiveCfg = Debug|Win32
		{FD5AA278-32AD-4EE2-9215-797E9E529D4D}.Debug|Win32.Build.0 = Debug|Win32
		{FD5AA278-32AD-4EE2-9215-797E9E529D4D}.Debug|x64.ActiveCfg = Debug|Win32
		{FD5AA278-32AD-4EE2-9215-797E9E529D4D}.DebugSingleProcess|Win32.ActiveCfg = DebugSingleProcess|Win32
		{FD5AA278-32AD-4EE2-9215-797E9E529D4D}.DebugSingleProcess|Win32.Build.0 = DebugSingleProcess|Win32
		{FD5AA278-32AD-4EE2-9215-797E9E529D4D}.DebugSingleProcess|x64.ActiveCfg = DebugSingleProcess|Win32
		{FD5AA278-32AD-4EE2-9215-797E9E529D4D}.Official|Win32.ActiveCfg = Official|Win32
		{FD5AA278-32AD-4EE2-9215-797E9E529D4D}.Official|Win32.Build.0 = Official|Win32
		{FD5AA278-32AD-4EE2-9215-797E9E529D4D}.Official|x64.ActiveCfg = Official|Win32
		{FD5AA278-32AD-4EE2-9215-797E9E529D4D}.Release|Win32.ActiveCfg = Release|Win32
		{FD5AA278-32AD-4EE2-9215-797E9E529D4D}.Release|Win32.Build.0 = Release|Win32
		{FD5AA278-32AD-4EE2-9215-797E9E529D4D}.Release|x64.ActiveCfg = Release|Win32
		{FD5AA278-32AD-4EE2-9215-797E9E529D4D}.Test|Win32.ActiveCfg = Test|Win32
		{FD5AA278-32AD-4EE2-9215-797E9E529D4D}.Test|Win32.Build.0 = Test|Win32
		{FD5AA278-32AD-4EE2-9215-797E9E529D4D}.Test|x64.ActiveCfg = Test|Win32
		{82EFF587-B5E9-4D4F-AF64-C043241EBC24}.64Driver|Win32.ActiveCfg = 64Driver|Win32
		{82EFF587-B5E9-4D4F-AF64-C043241EBC24}.64Driver|x64.ActiveCfg = 64Driver|Win32
		{82EFF587-B5E9-4D4F-AF64-C043241EBC24}.64Test|Win32.ActiveCfg = 64Test|Win32
		{82EFF587-B5E9-4D4F-AF64-C043241EBC24}.64Test|x64.ActiveCfg = 64Test|Win32
		{82EFF587-B5E9-4D4F-AF64-C043241EBC24}.Debug|Win32.ActiveCfg = Debug|Win32
		{82EFF587-B5E9-4D4F-AF64-C043241EBC24}.Debug|Win32.Build.0 = Debug|Win32
		{82EFF587-B5E9-4D4F-AF64-C043241EBC24}.Debug|x64.ActiveCfg = Debug|Win32
		{82EFF587-B5E9-4D4F-AF64-C043241EBC24}.DebugSingleProcess|Win32.ActiveCfg = Debug|Win32
		{82EFF587-B5E9-4D4F-AF64-C043241EBC24}.DebugSingleProcess|Win32.Build.0 = Debug|Win32
		{82EFF587-B5E9-4D4F-AF64-C043241EBC24}.DebugSingleProcess|x64.ActiveCfg = Debug|Win32
		{82EFF587-B5E9-4D4F-AF64-C043241EBC24}.Official|Win32.ActiveCfg = Official|Win32
		{82EFF587-B5E9-4D4F-AF64-C043241EBC24}.Official|Win32.Build.0 = Official|Win32
		{82EFF587-B5E9-4D4F-AF64-C043241EBC24}.Official|x64.ActiveCfg = Official|Win32
		{82EFF587-B5E9-4D4F-AF64-C043241EBC24}.Release|Win32.ActiveCfg = Release|Win32
		{82EFF587-B5E9-4D4F-AF64-C043241EBC24}.Release|Win32.Build.0 = Release|Win32
		{82EFF587-B5E9-4D4F-AF64-C043241EBC24}.Release|x64.ActiveCfg = Release|Win32
		{82EFF587-B5E9-4D4F-AF64-C043241EBC24}.Test|Win32.ActiveCfg = Test|Win32
		{82EFF587-B5E9-4D4F-AF64-C043241EBC24}.Test|Win32.Build.0 = Test|Win32
		{82EFF587-B5E9-4D4F-AF64-C043241EBC24}.Test|x64.ActiveCfg = Test|Win32
		{7630BE51-390C-4DE5-AFCA-661E5EA4DF19}.64Driver|Win32.ActiveCfg = 64Driver|Win32
		{7630BE51-390C-4DE5-AFCA-661E5EA4DF19}.64Driver|x64.ActiveCfg = 64Driver|Win32
		{7630BE51-390C-4DE5-AFCA-661E5EA4DF19}.64Test|Win32.ActiveCfg = 64Test|Win32
		{7630BE51-390C-4DE5-AFCA-661E5EA4DF19}.64Test|x64.ActiveCfg = 64Test|Win32
		{7630BE51-390C-4DE5-AFCA-661E5EA4DF19}.Debug|Win32.ActiveCfg = Debug|Win32
		{7630BE51-390C-4DE5-AFCA-661E5EA4DF19}.Debug|Win32.Build.0 = Debug|Win32
		{7630BE51-390C-4DE5-AFCA-661E5EA4DF19}.Debug|x64.ActiveCfg = Debug|Win32
		{7630BE51-390C-4DE5-AFCA-661E5EA4DF19}.DebugSingleProcess|Win32.ActiveCfg = Debug|Win32
		{7630BE51-390C-4DE5-AFCA-661E5EA4DF19}.DebugSingleProcess|Win32.Build.0 = Debug|Win32
		{7630BE51-390C-4DE5-AFCA-661E5EA4DF19}.DebugSingleProcess|x64.ActiveCfg = Debug|Win32
		{7630BE51-390C-4DE5-AFCA-661E5EA4DF19}.Official|Win32.ActiveCfg = Official|Win32
		{7630BE51-390C-4DE5-AFCA-661E5EA4DF19}.Official|Win32.Build.0 = Official|Win32
		{7630BE51-390C-4DE5-AFCA-661E5EA4DF19}.Official|x64.ActiveCfg = Official|Win32
		{7630BE51-390C-4DE5-AFCA-661E5EA4DF19}.Release|Win32.ActiveCfg = Release|Win32
		{7630BE51-390C-4DE5-AFCA-661E5EA4DF19}.Release|Win32.Build.0 = Release|Win32
		{7630BE51-390C-4DE5-AFCA-661E5EA4DF19}.Release|x64.ActiveCfg = Release|Win32
		{7630BE51-390C-4DE5-AFCA-661E5EA4DF19}.Test|Win32.ActiveCfg = Test|Win32
		{7630BE51-390C-4DE5-AFCA-661E5EA4DF19}.Test|Win32.Build.0 = Test|Win32
		{7630BE51-390C-4DE5-AFCA-661E5EA4DF19}.Test|x64.ActiveCfg = Test|Win32
		{5A7BBAFA-5535-42BA-A771-7189E7B389BC}.64Driver|Win32.ActiveCfg = 64Driver|Win32
		{5A7BBAFA-5535-42BA-A771-7189E7B389BC}.64Driver|x64.ActiveCfg = 64Driver|Win32
		{5A7BBAFA-5535-42BA-A771-7189E7B389BC}.64Test|Win32.ActiveCfg = 64Test|Win32
		{5A7BBAFA-5535-42BA-A771-7189E7B389BC}.64Test|x64.ActiveCfg = 64Test|Win32
		{5A7BBAFA-5535-42BA-A771-7189E7B389BC}.Debug|Win32.ActiveCfg = Debug|Win32
		{5A7BBAFA-5535-42BA-A771-7189E7B389BC}.Debug|Win32.Build.0 = Debug|Win32
		{5A7BBAFA-5535-42BA-A771-7189E7B389BC}.Debug|x64.ActiveCfg = Debug|Win32
		{5A7BBAFA-5535-42BA-A771-7189E7B389BC}.DebugSingleProcess|Win32.ActiveCfg = Debug|Win32
		{5A7BBAFA-5535-42BA-A771-7189E7B389BC}.DebugSingleProcess|Win32.Build.0 = Debug|Win32
		{5A7BBAFA-5535-42BA-A771-7189E7B389BC}.DebugSingleProcess|x64.ActiveCfg = Debug|Win32
		{5A7BBAFA-5535-42BA-A771-7189E7B389BC}.Official|Win32.ActiveCfg = Official|Win32
		{5A7BBAFA-5535-42BA-A771-7189E7B389BC}.Official|Win32.Build.0 = Official|Win32
		{5A7BBAFA-5535-42BA-A771-7189E7B389BC}.Official|x64.ActiveCfg = Official|Win32
		{5A7BBAFA-5535-42BA-A771-7189E7B389BC}.Release|Win32.ActiveCfg = Release|Win32
		{5A7BBAFA-5535-42BA-A771-7189E7B389BC}.Release|Win32.Build.0 = Release|Win32
		{5A7BBAFA-5535-42BA-A771-7189E7B389BC}.Release|x64.ActiveCfg = Release|Win32
		{5A7BBAFA-5535-42BA-A771-7189E7B389BC}.Test|Win32.ActiveCfg = Test|Win32
		{5A7BBAFA-5535-42BA-A771-7189E7B389BC}.Test|Win32.Build.0 = Test|Win32
		{5A7BBAFA-5535-42BA-A771-7189E7B389BC}.Test|x64.ActiveCfg = Test|Win32
		{3B7F51D3-1B6D-4187-A2F8-1D0FFE7114D1}.64Driver|Win32.ActiveCfg = 64Driver|Win32
		{3B7F51D3-1B6D-4187-A2F8-1D0FFE7114D1}.64Driver|x64.ActiveCfg = 64Driver|Win32
		{3B7F51D3-1B6D-4187-A2F8-1D0FFE7114D1}.64Test|Win32.ActiveCfg = 64Test|Win32
		{3B7F51D3-1B6D-4187-A2F8-1D0FFE7114D1}.64Test|x64.ActiveCfg = 64Test|Win32
		{3B7F51D3-1B6D-4187-A2F8-1D0FFE7114D1}.Debug|Win32.ActiveCfg = Debug|Win32
		{3B7F51D3-1B6D-4187-A2F8-1D0FFE7114D1}.Debug|Win32.Build.0 = Debug|Win32
		{3B7F51D3-1B6D-4187-A2F8-1D0FFE7114D1}.Debug|x64.ActiveCfg = Debug|Win32
		{3B7F51D3-1B6D-4187-A2F8-1D0FFE7114D1}.DebugSingleProcess|Win32.ActiveCfg = Debug|Win32
		{3B7F51D3-1B6D-4187-A2F8-1D0FFE7114D1}.DebugSingleProcess|Win32.Build.0 = Debug|Win32
		{3B7F51D3-1B6D-4187-A2F8-1D0FFE7114D1}.DebugSingleProcess|x64.ActiveCfg = Debug|Win32
		{3B7F51D3-1B6D-4187-A2F8-1D0FFE7114D1}.Official|Win32.ActiveCfg = Official|Win32
		{3B7F51D3-1B6D-4187-A2F8-1D0FFE7114D1}.Official|Win32.Build.0 = Official|Win32
		{3B7F51D3-1B6D-4187-A2F8-1D0FFE7114D1}.Official|x64.ActiveCfg = Official|Win32
		{3B7F51D3-1B6D-4187-A2F8-1D0FFE7114D1}.Release|Win32.ActiveCfg = Release|Win32
		{3B7F51D3-1B6D-4187-A2F8-1D0FFE7114D1}.Release|Win32.Build.0 = Release|Win32
		{3B7F51D3-1B6D-4187-A2F8-1D0FFE7114D1}.Release|x64.ActiveCfg = Release|Win32
		{3B7F51D3-1B6D-4187-A2F8-1D0FFE7114D1}.Test|Win32.ActiveCfg = Test|Win32
		{3B7F51D3-1B6D-4187-A2F8-1D0FFE7114D1}.Test|Win32.Build.0 = Test|Win32
		{3B7F51D3-1B6D-4187-A2F8-1D0FFE7114D1}.Test|x64.ActiveCfg = Test|Win32
		{61981C35-8719-474B-BD0E-A9103B6EB7F0}.64Driver|Win32.ActiveCfg = 64Driver|Win32
		{61981C35-8719-474B-BD0E-A9103B6EB7F0}.64Driver|x64.ActiveCfg = 64Driver|Win32
		{61981C35-8719-474B-BD0E-A9103B6EB7F0}.64Test|Win32.ActiveCfg = 64Test|Win32
		{61981C35-8719-474B-BD0E-A9103B6EB7F0}.64Test|x64.ActiveCfg = 64Test|Win32
		{61981C35-8719-474B-BD0E-A9103B6EB7F0}.Debug|Win32.ActiveCfg = Debug|Win32
		{61981C35-8719-474B-BD0E-A9103B6EB7F0}.Debug|Win32.Build.0 = Debug|Win32
		{61981C35-8719-474B-BD0E-A9103B6EB7F0}.Debug|x64.ActiveCfg = Debug|Win32
		{61981C35-8719-474B-BD0E-A9103B6EB7F0}.DebugSingleProcess|Win32.ActiveCfg = Debug|Win32
		{61981C35-8719-474B-BD0E-A9103B6EB7F0}.DebugSingleProcess|Win32.Build.0 = Debug|Win32
		{61981C35-8719-474B-BD0E-A9103B6EB7F0}.DebugSingleProcess|x64.ActiveCfg = Debug|Win32
		{61981C35-8719-474B-BD0E-A9103B6EB7F0}.Official|Win32.ActiveCfg = Official|Win32
		{61981C35-8719-474B-BD0E-A9103B6EB7F0}.Official|Win32.Build.0 = Official|Win32
		{61981C35-8719-474B-BD0E-A9103B6EB7F0}.Official|x64.ActiveCfg = Official|Win32
		{61981C35-8719-474B-BD0E-A9103B6EB7F0}.Release|Win32.ActiveCfg = Release|Win32
		{61981C35-8719-474B-BD0E-A9103B6EB7F0}.Release|Win32.Build.0 = Release|Win32
		{61981C35-8719-474B-BD0E-A9103B6EB7F0}.Release|x64.ActiveCfg = Release|Win32
		{61981C35-8719-474B-BD0E-A9103B6EB7F0}.Test|Win32.ActiveCfg = Test|Win32
		{61981C35-8719-474B-BD0E-A9103B6EB7F0}.Test|Win32.Build.0 = Test|Win32
		{61981C35-8719-474B-BD0E-A9103B6EB7F0}.Test|x64.ActiveCfg = Test|Win32
		{47D93457-32F8-4F6F-B0ED-B6478ECF6FA8}.64Driver|Win32.ActiveCfg = 64Driver|Win32
		{47D93457-32F8-4F6F-B0ED-B6478ECF6FA8}.64Driver|x64.ActiveCfg = 64Driver|Win32
		{47D93457-32F8-4F6F-B0ED-B6478ECF6FA8}.64Test|Win32.ActiveCfg = 64Test|Win32
		{47D93457-32F8-4F6F-B0ED-B6478ECF6FA8}.64Test|x64.ActiveCfg = 64Test|Win32
		{47D93457-32F8-4F6F-B0ED-B6478ECF6FA8}.Debug|Win32.ActiveCfg = Debug|Win32
		{47D93457-32F8-4F6F-B0ED-B6478ECF6FA8}.Debug|Win32.Build.0 = Debug|Win32
		{47D93457-32F8-4F6F-B0ED-B6478ECF6FA8}.Debug|x64.ActiveCfg = Debug|Win32
		{47D93457-32F8-4F6F-B0ED-B6478ECF6FA8}.DebugSingleProcess|Win32.ActiveCfg = Debug|Win32
		{47D93457-32F8-4F6F-B0ED-B6478ECF6FA8}.DebugSingleProcess|Win32.Build.0 = Debug|Win32
		{47D93457-32F8-4F6F-B0ED-B6478ECF6FA8}.DebugSingleProcess|x64.ActiveCfg = Debug|Win32
		{47D93457-32F8-4F6F-B0ED-B6478ECF6FA8}.Official|Win32.ActiveCfg = Official|Win32
		{47D93457-32F8-4F6F-B0ED-B6478ECF6FA8}.Official|Win32.Build.0 = Official|Win32
		{47D93457-32F8-4F6F-B0ED-B6478ECF6FA8}.Official|x64.ActiveCfg = Official|Win32
		{47D93457-32F8-4F6F-B0ED-B6478ECF6FA8}.Release|Win32.ActiveCfg = Release|Win32
		{47D93457-32F8-4F6F-B0ED-B6478ECF6FA8}.Release|Win32.Build.0 = Release|Win32
		{47D93457-32F8-4F6F-B0ED-B6478ECF6FA8}.Release|x64.ActiveCfg = Release|Win32
		{47D93457-32F8-4F6F-B0ED-B6478ECF6FA8}.Test|Win32.ActiveCfg = Test|Win32
		{47D93457-32F8-4F6F-B0ED-B6478ECF6FA8}.Test|Win32.Build.0 = Test|Win32
		{47D93457-32F8-4F6F-B0ED-B6478ECF6FA8}.Test|x64.ActiveCfg = Test|Win32
		{F093291E-C1BB-4591-AF21-C570E3134EBA}.64Driver|Win32.ActiveCfg = 64Driver|Win32
		{F093291E-C1BB-4591-AF21-C570E3134EBA}.64Driver|x64.ActiveCfg = 64Driver|Win32
		{F093291E-C1BB-4591-AF21-C570E3134EBA}.64Test|Win32.ActiveCfg = 64Test|Win32
		{F093291E-C1BB-4591-AF21-C570E3134EBA}.64Test|x64.ActiveCfg = 64Test|Win32
		{F093291E-C1BB-4591-AF21-C570E3134EBA}.Debug|Win32.ActiveCfg = Debug|Win32
		{F093291E-C1BB-4591-AF21-C570E3134EBA}.Debug|Win32.Build.0 = Debug|Win32
		{F093291E-C1BB-4591-AF21-C570E3134EBA}.Debug|x64.ActiveCfg = Debug|Win32
		{F093291E-C1BB-4591-AF21-C570E3134EBA}.DebugSingleProcess|Win32.ActiveCfg = Debug|Win32
		{F093291E-C1BB-4591-AF21-C570E3134EBA}.DebugSingleProcess|Win32.Build.0 = Debug|Win32
		{F093291E-C1BB-4591-AF21-C570E3134EBA}.DebugSingleProcess|x64.ActiveCfg = Debug|Win32
		{F093291E-C1BB-4591-AF21-C570E3134EBA}.Official|Win32.ActiveCfg = Official|Win32
		{F093291E-C1BB-4591-AF21-C570E3134EBA}.Official|Win32.Build.0 = Official|Win32
		{F093291E-C1BB-4591-AF21-C570E3134EBA}.Official|x64.ActiveCfg = Official|Win32
		{F093291E-C1BB-4591-AF21-C570E3134EBA}.Release|Win32.ActiveCfg = Release|Win32
		{F093291E-C1BB-4591-AF21-C570E3134EBA}.Release|Win32.Build.0 = Release|Win32
		{F093291E-C1BB-4591-AF21-C570E3134EBA}.Release|x64.ActiveCfg = Release|Win32
		{F093291E-C1BB-4591-AF21-C570E3134EBA}.Test|Win32.ActiveCfg = Test|Win32
		{F093291E-C1BB-4591-AF21-C570E3134EBA}.Test|Win32.Build.0 = Test|Win32
		{F093291E-C1BB-4591-AF21-C570E3134EBA}.Test|x64.ActiveCfg = Test|Win32
		{0C42FEDE-3F4A-42F0-93BB-ACCB0C0B7291}.64Driver|Win32.ActiveCfg = 64Driver|Win32
		{0C42FEDE-3F4A-42F0-93BB-ACCB0C0B7291}.64Driver|x64.ActiveCfg = 64Driver|Win32
		{0C42FEDE-3F4A-42F0-93BB-ACCB0C0B7291}.64Test|Win32.ActiveCfg = 64Test|Win32
		{0C42FEDE-3F4A-42F0-93BB-ACCB0C0B7291}.64Test|x64.ActiveCfg = 64Test|Win32
		{0C42FEDE-3F4A-42F0-93BB-ACCB0C0B7291}.Debug|Win32.ActiveCfg = Debug|Win32
		{0C42FEDE-3F4A-42F0-93BB-ACCB0C0B7291}.Debug|Win32.Build.0 = Debug|Win32
		{0C42FEDE-3F4A-42F0-93BB-ACCB0C0B7291}.Debug|x64.ActiveCfg = Debug|Win32
		{0C42FEDE-3F4A-42F0-93BB-ACCB0C0B7291}.DebugSingleProcess|Win32.ActiveCfg = Debug|Win32
		{0C42FEDE-3F4A-42F0-93BB-ACCB0C0B7291}.DebugSingleProcess|Win32.Build.0 = Debug|Win32
		{0C42FEDE-3F4A-42F0-93BB-ACCB0C0B7291}.DebugSingleProcess|x64.ActiveCfg = Debug|Win32
		{0C42FEDE-3F4A-42F0-93BB-ACCB0C0B7291}.Official|Win32.ActiveCfg = Official|Win32
		{0C42FEDE-3F4A-42F0-93BB-ACCB0C0B7291}.Official|Win32.Build.0 = Official|Win32
		{0C42FEDE-3F4A-42F0-93BB-ACCB0C0B7291}.Official|x64.ActiveCfg = Official|Win32
		{0C42FEDE-3F4A-42F0-93BB-ACCB0C0B7291}.Release|Win32.ActiveCfg = Release|Win32
		{0C42FEDE-3F4A-42F0-93BB-ACCB0C0B7291}.Release|Win32.Build.0 = Release|Win32
		{0C42FEDE-3F4A-42F0-93BB-ACCB0C0B7291}.Release|x64.ActiveCfg = Release|Win32
		{0C42FEDE-3F4A-42F0-93BB-ACCB0C0B7291}.Test|Win32.ActiveCfg = Test|Win32
		{0C42FEDE-3F4A-42F0-93BB-ACCB0C0B7291}.Test|Win32.Build.0 = Test|Win32
		{0C42FEDE-3F4A-42F0-93BB-ACCB0C0B7291}.Test|x64.ActiveCfg = Test|Win32
		{6419661B-E134-46FD-8B1A-08F5F059E9F1}.64Driver|Win32.ActiveCfg = 64Driver|Win32
		{6419661B-E134-46FD-8B1A-08F5F059E9F1}.64Driver|x64.ActiveCfg = 64Driver|Win32
		{6419661B-E134-46FD-8B1A-08F5F059E9F1}.64Test|Win32.ActiveCfg = 64Test|Win32
		{6419661B-E134-46FD-8B1A-08F5F059E9F1}.64Test|x64.ActiveCfg = 64Test|Win32
		{6419661B-E134-46FD-8B1A-08F5F059E9F1}.Debug|Win32.ActiveCfg = Debug|Win32
		{6419661B-E134-46FD-8B1A-08F5F059E9F1}.Debug|Win32.Build.0 = Debug|Win32
		{6419661B-E134-46FD-8B1A-08F5F059E9F1}.Debug|x64.ActiveCfg = Debug|Win32
		{6419661B-E134-46FD-8B1A-08F5F059E9F1}.DebugSingleProcess|Win32.ActiveCfg = Debug|Win32
		{6419661B-E134-46FD-8B1A-08F5F059E9F1}.DebugSingleProcess|Win32.Build.0 = Debug|Win32
		{6419661B-E134-46FD-8B1A-08F5F059E9F1}.DebugSingleProcess|x64.ActiveCfg = Debug|Win32
		{6419661B-E134-46FD-8B1A-08F5F059E9F1}.Official|Win32.ActiveCfg = Official|Win32
		{6419661B-E134-46FD-8B1A-08F5F059E9F1}.Official|Win32.Build.0 = Official|Win32
		{6419661B-E134-46FD-8B1A-08F5F059E9F1}.Official|x64.ActiveCfg = Official|Win32
		{6419661B-E134-46FD-8B1A-08F5F059E9F1}.Release|Win32.ActiveCfg = Release|Win32
		{6419661B-E134-46FD-8B1A-08F5F059E9F1}.Release|Win32.Build.0 = Release|Win32
		{6419661B-E134-46FD-8B1A-08F5F059E9F1}.Release|x64.ActiveCfg = Release|Win32
		{6419661B-E134-46FD-8B1A-08F5F059E9F1}.Test|Win32.ActiveCfg = Test|Win32
		{6419661B-E134-46FD-8B1A-08F5F059E9F1}.Test|Win32.Build.0 = Test|Win32
		{6419661B-E134-46FD-8B1A-08F5F059E9F1}.Test|x64.ActiveCfg = Test|Win32
		{D09D61DE-AE85-48B2-B52E-F5B362424E2B}.64Driver|Win32.ActiveCfg = 64Driver|Win32
		{D09D61DE-AE85-48B2-B52E-F5B362424E2B}.64Driver|x64.ActiveCfg = 64Driver|Win32
		{D09D61DE-AE85-48B2-B52E-F5B362424E2B}.64Test|Win32.ActiveCfg = 64Test|Win32
		{D09D61DE-AE85-48B2-B52E-F5B362424E2B}.64Test|x64.ActiveCfg = 64Test|Win32
		{D09D61DE-AE85-48B2-B52E-F5B362424E2B}.Debug|Win32.ActiveCfg = Debug|Win32
		{D09D61DE-AE85-48B2-B52E-F5B362424E2B}.Debug|Win32.Build.0 = Debug|Win32
		{D09D61DE-AE85-48B2-B52E-F5B362424E2B}.Debug|x64.ActiveCfg = Debug|Win32
		{D09D61DE-AE85-48B2-B52E-F5B362424E2B}.DebugSingleProcess|Win32.ActiveCfg = Debug|Win32
		{D09D61DE-AE85-48B2-B52E-F5B362424E2B}.DebugSingleProcess|Win32.Build.0 = Debug|Win32
		{D09D61DE-AE85-48B2-B52E-F5B362424E2B}.DebugSingleProcess|x64.ActiveCfg = Debug|Win32
		{D09D61DE-AE85-48B2-B52E-F5B362424E2B}.Official|Win32.ActiveCfg = Official|Win32
		{D09D61DE-AE85-48B2-B52E-F5B362424E2B}.Official|Win32.Build.0 = Official|Win32
		{D09D61DE-AE85-48B2-B52E-F5B362424E2B}.Official|x64.ActiveCfg = Official|Win32
		{D09D61DE-AE85-48B2-B52E-F5B362424E2B}.Release|Win32.ActiveCfg = Release|Win32
		{D09D61DE-AE85-48B2-B52E-F5B362424E2B}.Release|Win32.Build.0 = Release|Win32
		{D09D61DE-AE85-48B2-B52E-F5B362424E2B}.Release|x64.ActiveCfg = Release|Win32
		{D09D61DE-AE85-48B2-B52E-F5B362424E2B}.Test|Win32.ActiveCfg = Test|Win32
		{D09D61DE-AE85-48B2-B52E-F5B362424E2B}.Test|Win32.Build.0 = Test|Win32
		{D09D61DE-AE85-48B2-B52E-F5B362424E2B}.Test|x64.ActiveCfg = Test|Win32
		{2FBCC4B3-9E52-400B-9D58-B82619561180}.64Driver|Win32.ActiveCfg = 64Driver|Win32
		{2FBCC4B3-9E52-400B-9D58-B82619561180}.64Driver|x64.ActiveCfg = 64Driver|Win32
		{2FBCC4B3-9E52-400B-9D58-B82619561180}.64Test|Win32.ActiveCfg = 64Test|Win32
		{2FBCC4B3-9E52-400B-9D58-B82619561180}.64Test|x64.ActiveCfg = 64Test|Win32
		{2FBCC4B3-9E52-400B-9D58-B82619561180}.Debug|Win32.ActiveCfg = Debug|Win32
		{2FBCC4B3-9E52-400B-9D58-B82619561180}.Debug|Win32.Build.0 = Debug|Win32
		{2FBCC4B3-9E52-400B-9D58-B82619561180}.Debug|x64.ActiveCfg = Debug|Win32
		{2FBCC4B3-9E52-400B-9D58-B82619561180}.DebugSingleProcess|Win32.ActiveCfg = Debug|Win32
		{2FBCC4B3-9E52-400B-9D58-B82619561180}.DebugSingleProcess|Win32.Build.0 = Debug|Win32
		{2FBCC4B3-9E52-400B-9D58-B82619561180}.DebugSingleProcess|x64.ActiveCfg = Debug|Win32
		{2FBCC4B3-9E52-400B-9D58-B82619561180}.Official|Win32.ActiveCfg = Official|Win32
		{2FBCC4B3-9E52-400B-9D58-B82619561180}.Official|Win32.Build.0 = Official|Win32
		{2FBCC4B3-9E52-400B-9D58-B82619561180}.Official|x64.ActiveCfg = Official|Win32
		{2FBCC4B3-9E52-400B-9D58-B82619561180}.Release|Win32.ActiveCfg = Release|Win32
		{2FBCC4B3-9E52-400B-9D58-B82619561180}.Release|Win32.Build.0 = Release|Win32
		{2FBCC4B3-9E52-400B-9D58-B82619561180}.Release|x64.ActiveCfg = Release|Win32
		{2FBCC4B3-9E52-400B-9D58-B82619561180}.Test|Win32.ActiveCfg = Test|Win32
		{2FBCC4B3-9E52-400B-9D58-B82619561180}.Test|Win32.Build.0 = Test|Win32
		{2FBCC4B3-9E52-400B-9D58-B82619561180}.Test|x64.ActiveCfg = Test|Win32
		{BE741716-62CF-407B-9A67-EB4196309F03}.64Driver|Win32.ActiveCfg = 64Driver|Win32
		{BE741716-62CF-407B-9A67-EB4196309F03}.64Driver|x64.ActiveCfg = 64Driver|Win32
		{BE741716-62CF-407B-9A67-EB4196309F03}.64Test|Win32.ActiveCfg = 64Test|Win32
		{BE741716-62CF-407B-9A67-EB4196309F03}.64Test|x64.ActiveCfg = 64Test|Win32
		{BE741716-62CF-407B-9A67-EB4196309F03}.Debug|Win32.ActiveCfg = Debug|Win32
		{BE741716-62CF-407B-9A67-EB4196309F03}.Debug|Win32.Build.0 = Debug|Win32
		{BE741716-62CF-407B-9A67-EB4196309F03}.Debug|x64.ActiveCfg = Debug|Win32
		{BE741716-62CF-407B-9A67-EB4196309F03}.DebugSingleProcess|Win32.ActiveCfg = Debug|Win32
		{BE741716-62CF-407B-9A67-EB4196309F03}.DebugSingleProcess|Win32.Build.0 = Debug|Win32
		{BE741716-62CF-407B-9A67-EB4196309F03}.DebugSingleProcess|x64.ActiveCfg = Debug|Win32
		{BE741716-62CF-407B-9A67-EB4196309F03}.Official|Win32.ActiveCfg = Official|Win32
		{BE741716-62CF-407B-9A67-EB4196309F03}.Official|Win32.Build.0 = Official|Win32
		{BE741716-62CF-407B-9A67-EB4196309F03}.Official|x64.ActiveCfg = Official|Win32
		{BE741716-62CF-407B-9A67-EB4196309F03}.Release|Win32.ActiveCfg = Release|Win32
		{BE741716-62CF-407B-9A67-EB4196309F03}.Release|Win32.Build.0 = Release|Win32
		{BE741716-62CF-407B-9A67-EB4196309F03}.Release|x64.ActiveCfg = Release|Win32
		{BE741716-62CF-407B-9A67-EB4196309F03}.Test|Win32.ActiveCfg = Test|Win32
		{BE741716-62CF-407B-9A67-EB4196309F03}.Test|Win32.Build.0 = Test|Win32
		{BE741716-62CF-407B-9A67-EB4196309F03}.Test|x64.ActiveCfg = Test|Win32
		{416ECD6B-1170-478A-BF93-B83E9D9B8A03}.64Driver|Win32.ActiveCfg = 64Driver|Win32
		{416ECD6B-1170-478A-BF93-B83E9D9B8A03}.64Driver|x64.ActiveCfg = 64Driver|Win32
		{416ECD6B-1170-478A-BF93-B83E9D9B8A03}.64Test|Win32.ActiveCfg = 64Test|Win32
		{416ECD6B-1170-478A-BF93-B83E9D9B8A03}.64Test|x64.ActiveCfg = 64Test|Win32
		{416ECD6B-1170-478A-BF93-B83E9D9B8A03}.Debug|Win32.ActiveCfg = Debug|Win32
		{416ECD6B-1170-478A-BF93-B83E9D9B8A03}.Debug|Win32.Build.0 = Debug|Win32
		{416ECD6B-1170-478A-BF93-B83E9D9B8A03}.Debug|x64.ActiveCfg = Debug|Win32
		{416ECD6B-1170-478A-BF93-B83E9D9B8A03}.DebugSingleProcess|Win32.ActiveCfg = Debug|Win32
		{416ECD6B-1170-478A-BF93-B83E9D9B8A03}.DebugSingleProcess|Win32.Build.0 = Debug|Win32
		{416ECD6B-1170-478A-BF93-B83E9D9B8A03}.DebugSingleProcess|x64.ActiveCfg = Debug|Win32
		{416ECD6B-1170-478A-BF93-B83E9D9B8A03}.Official|Win32.ActiveCfg = Official|Win32
		{416ECD6B-1170-478A-BF93-B83E9D9B8A03}.Official|Win32.Build.0 = Official|Win32
		{416ECD6B-1170-478A-BF93-B83E9D9B8A03}.Official|x64.ActiveCfg = Official|Win32
		{416ECD6B-1170-478A-BF93-B83E9D9B8A03}.Release|Win32.ActiveCfg = Release|Win32
		{416ECD6B-1170-478A-BF93-B83E9D9B8A03}.Release|Win32.Build.0 = Release|Win32
		{416ECD6B-1170-478A-BF93-B83E9D9B8A03}.Release|x64.ActiveCfg = Release|Win32
		{416ECD6B-1170-478A-BF93-B83E9D9B8A03}.Test|Win32.ActiveCfg = Test|Win32
		{416ECD6B-1170-478A-BF93-B83E9D9B8A03}.Test|Win32.Build.0 = Test|Win32
		{416ECD6B-1170-478A-BF93-B83E9D9B8A03}.Test|x64.ActiveCfg = Test|Win32
		{CF03AE0B-1AA9-405D-B102-BDCE39B0EFC6}.64Driver|Win32.ActiveCfg = 64Test|x64
		{CF03AE0B-1AA9-405D-B102-BDCE39B0EFC6}.64Driver|Win32.Build.0 = 64Test|x64
		{CF03AE0B-1AA9-405D-B102-BDCE39B0EFC6}.64Driver|x64.ActiveCfg = 64Driver|x64
		{CF03AE0B-1AA9-405D-B102-BDCE39B0EFC6}.64Driver|x64.Build.0 = 64Driver|x64
		{CF03AE0B-1AA9-405D-B102-BDCE39B0EFC6}.64Test|Win32.ActiveCfg = 64Test|x64
		{CF03AE0B-1AA9-405D-B102-BDCE39B0EFC6}.64Test|Win32.Build.0 = 64Test|x64
		{CF03AE0B-1AA9-405D-B102-BDCE39B0EFC6}.64Test|x64.ActiveCfg = 64Test|x64
		{CF03AE0B-1AA9-405D-B102-BDCE39B0EFC6}.64Test|x64.Build.0 = 64Test|x64
		{CF03AE0B-1AA9-405D-B102-BDCE39B0EFC6}.Debug|Win32.ActiveCfg = 64Test|x64
		{CF03AE0B-1AA9-405D-B102-BDCE39B0EFC6}.Debug|x64.ActiveCfg = 64Test|x64
		{CF03AE0B-1AA9-405D-B102-BDCE39B0EFC6}.Debug|x64.Build.0 = 64Test|x64
		{CF03AE0B-1AA9-405D-B102-BDCE39B0EFC6}.DebugSingleProcess|Win32.ActiveCfg = 64Test|x64
		{CF03AE0B-1AA9-405D-B102-BDCE39B0EFC6}.DebugSingleProcess|x64.ActiveCfg = 64Test|x64
		{CF03AE0B-1AA9-405D-B102-BDCE39B0EFC6}.DebugSingleProcess|x64.Build.0 = 64Test|x64
		{CF03AE0B-1AA9-405D-B102-BDCE39B0EFC6}.Official|Win32.ActiveCfg = 64Driver|x64
		{CF03AE0B-1AA9-405D-B102-BDCE39B0EFC6}.Official|x64.ActiveCfg = 64Driver|x64
		{CF03AE0B-1AA9-405D-B102-BDCE39B0EFC6}.Official|x64.Build.0 = 64Driver|x64
		{CF03AE0B-1AA9-405D-B102-BDCE39B0EFC6}.Release|Win32.ActiveCfg = 64Test|x64
		{CF03AE0B-1AA9-405D-B102-BDCE39B0EFC6}.Release|x64.ActiveCfg = 64Test|x64
		{CF03AE0B-1AA9-405D-B102-BDCE39B0EFC6}.Release|x64.Build.0 = 64Test|x64
		{CF03AE0B-1AA9-405D-B102-BDCE39B0EFC6}.Test|Win32.ActiveCfg = 64Driver|x64
		{CF03AE0B-1AA9-405D-B102-BDCE39B0EFC6}.Test|x64.ActiveCfg = 64Test|x64
		{CF03AE0B-1AA9-405D-B102-BDCE39B0EFC6}.Test|x64.Build.0 = 64Test|x64
		{A8E594BF-1DD1-4EA6-8CCB-1D5770EE406E}.64Driver|Win32.ActiveCfg = Release|Win32
		{A8E594BF-1DD1-4EA6-8CCB-1D5770EE406E}.64Driver|x64.ActiveCfg = Release|Win32
		{A8E594BF-1DD1-4EA6-8CCB-1D5770EE406E}.64Test|Win32.ActiveCfg = Release|Win32
		{A8E594BF-1DD1-4EA6-8CCB-1D5770EE406E}.64Test|x64.ActiveCfg = Release|Win32
		{A8E594BF-1DD1-4EA6-8CCB-1D5770EE406E}.Debug|Win32.ActiveCfg = Debug|Win32
		{A8E594BF-1DD1-4EA6-8CCB-1D5770EE406E}.Debug|Win32.Build.0 = Debug|Win32
		{A8E594BF-1DD1-4EA6-8CCB-1D5770EE406E}.Debug|x64.ActiveCfg = Debug|Win32
		{A8E594BF-1DD1-4EA6-8CCB-1D5770EE406E}.DebugSingleProcess|Win32.ActiveCfg = Debug|Win32
		{A8E594BF-1DD1-4EA6-8CCB-1D5770EE406E}.DebugSingleProcess|Win32.Build.0 = Debug|Win32
		{A8E594BF-1DD1-4EA6-8CCB-1D5770EE406E}.DebugSingleProcess|x64.ActiveCfg = Debug|Win32
		{A8E594BF-1DD1-4EA6-8CCB-1D5770EE406E}.Official|Win32.ActiveCfg = Release|Win32
		{A8E594BF-1DD1-4EA6-8CCB-1D5770EE406E}.Official|x64.ActiveCfg = Release|Win32
		{A8E594BF-1DD1-4EA6-8CCB-1D5770EE406E}.Release|Win32.ActiveCfg = Release|Win32
		{A8E594BF-1DD1-4EA6-8CCB-1D5770EE406E}.Release|x64.ActiveCfg = Release|Win32
		{A8E594BF-1DD1-4EA6-8CCB-1D5770EE406E}.Test|Win32.ActiveCfg = Release|Win32
		{A8E594BF-1DD1-4EA6-8CCB-1D5770EE406E}.Test|x64.ActiveCfg = Release|Win32
		{9BD3E55F-A516-4CF3-92B3-D9F2F7B2D273}.64Driver|Win32.ActiveCfg = 64Driver|Win32
		{9BD3E55F-A516-4CF3-92B3-D9F2F7B2D273}.64Driver|x64.ActiveCfg = 64Driver|Win32
		{9BD3E55F-A516-4CF3-92B3-D9F2F7B2D273}.64Test|Win32.ActiveCfg = 64Test|Win32
		{9BD3E55F-A516-4CF3-92B3-D9F2F7B2D273}.64Test|x64.ActiveCfg = 64Test|Win32
		{9BD3E55F-A516-4CF3-92B3-D9F2F7B2D273}.Debug|Win32.ActiveCfg = Debug|Win32
		{9BD3E55F-A516-4CF3-92B3-D9F2F7B2D273}.Debug|Win32.Build.0 = Debug|Win32
		{9BD3E55F-A516-4CF3-92B3-D9F2F7B2D273}.Debug|x64.ActiveCfg = Debug|Win32
		{9BD3E55F-A516-4CF3-92B3-D9F2F7B2D273}.DebugSingleProcess|Win32.ActiveCfg = Debug|Win32
		{9BD3E55F-A516-4CF3-92B3-D9F2F7B2D273}.DebugSingleProcess|x64.ActiveCfg = Debug|Win32
		{9BD3E55F-A516-4CF3-92B3-D9F2F7B2D273}.Official|Win32.ActiveCfg = Official|Win32
		{9BD3E55F-A516-4CF3-92B3-D9F2F7B2D273}.Official|Win32.Build.0 = Official|Win32
		{9BD3E55F-A516-4CF3-92B3-D9F2F7B2D273}.Official|x64.ActiveCfg = Official|Win32
		{9BD3E55F-A516-4CF3-92B3-D9F2F7B2D273}.Release|Win32.ActiveCfg = Release|Win32
		{9BD3E55F-A516-4CF3-92B3-D9F2F7B2D273}.Release|Win32.Build.0 = Release|Win32
		{9BD3E55F-A516-4CF3-92B3-D9F2F7B2D273}.Release|x64.ActiveCfg = Release|Win32
		{9BD3E55F-A516-4CF3-92B3-D9F2F7B2D273}.Test|Win32.ActiveCfg = Test|Win32
		{9BD3E55F-A516-4CF3-92B3-D9F2F7B2D273}.Test|Win32.Build.0 = Test|Win32
		{9BD3E55F-A516-4CF3-92B3-D9F2F7B2D273}.Test|x64.ActiveCfg = Test|Win32
		{1353B6D2-2925-4AD2-A36F-EAD6DA1096EF}.64Driver|Win32.ActiveCfg = 64Driver|Win32
		{1353B6D2-2925-4AD2-A36F-EAD6DA1096EF}.64Driver|x64.ActiveCfg = 64Driver|Win32
		{1353B6D2-2925-4AD2-A36F-EAD6DA1096EF}.64Test|Win32.ActiveCfg = 64Test|Win32
		{1353B6D2-2925-4AD2-A36F-EAD6DA1096EF}.64Test|x64.ActiveCfg = 64Test|Win32
		{1353B6D2-2925-4AD2-A36F-EAD6DA1096EF}.Debug|Win32.ActiveCfg = Debug|Win32
		{1353B6D2-2925-4AD2-A36F-EAD6DA1096EF}.Debug|Win32.Build.0 = Debug|Win32
		{1353B6D2-2925-4AD2-A36F-EAD6DA1096EF}.Debug|x64.ActiveCfg = Debug|Win32
		{1353B6D2-2925-4AD2-A36F-EAD6DA1096EF}.DebugSingleProcess|Win32.ActiveCfg = Debug|Win32
		{1353B6D2-2925-4AD2-A36F-EAD6DA1096EF}.DebugSingleProcess|Win32.Build.0 = Debug|Win32
		{1353B6D2-2925-4AD2-A36F-EAD6DA1096EF}.DebugSingleProcess|x64.ActiveCfg = Debug|Win32
		{1353B6D2-2925-4AD2-A36F-EAD6DA1096EF}.Official|Win32.ActiveCfg = Official|Win32
		{1353B6D2-2925-4AD2-A36F-EAD6DA1096EF}.Official|Win32.Build.0 = Official|Win32
		{1353B6D2-2925-4AD2-A36F-EAD6DA1096EF}.Official|x64.ActiveCfg = Official|Win32
		{1353B6D2-2925-4AD2-A36F-EAD6DA1096EF}.Release|Win32.ActiveCfg = Release|Win32
		{1353B6D2-2925-4AD2-A36F-EAD6DA1096EF}.Release|Win32.Build.0 = Release|Win32
		{1353B6D2-2925-4AD2-A36F-EAD6DA1096EF}.Release|x64.ActiveCfg = Release|Win32
		{1353B6D2-2925-4AD2-A36F-EAD6DA1096EF}.Test|Win32.ActiveCfg = Test|Win32
		{1353B6D2-2925-4AD2-A36F-EAD6DA1096EF}.Test|Win32.Build.0 = Test|Win32
		{1353B6D2-2925-4AD2-A36F-EAD6DA1096EF}.Test|x64.ActiveCfg = Test|Win32
		{1E9CE8AE-C540-4F85-B0E6-3ECCCE658827}.64Driver|Win32.ActiveCfg = 64Driver|Win32
		{1E9CE8AE-C540-4F85-B0E6-3ECCCE658827}.64Driver|x64.ActiveCfg = 64Driver|Win32
		{1E9CE8AE-C540-4F85-B0E6-3ECCCE658827}.64Test|Win32.ActiveCfg = 64Test|Win32
		{1E9CE8AE-C540-4F85-B0E6-3ECCCE658827}.64Test|x64.ActiveCfg = 64Test|Win32
		{1E9CE8AE-C540-4F85-B0E6-3ECCCE658827}.Debug|Win32.ActiveCfg = Debug|Win32
		{1E9CE8AE-C540-4F85-B0E6-3ECCCE658827}.Debug|Win32.Build.0 = Debug|Win32
		{1E9CE8AE-C540-4F85-B0E6-3ECCCE658827}.Debug|x64.ActiveCfg = Debug|Win32
		{1E9CE8AE-C540-4F85-B0E6-3ECCCE658827}.DebugSingleProcess|Win32.ActiveCfg = Debug|Win32
		{1E9CE8AE-C540-4F85-B0E6-3ECCCE658827}.DebugSingleProcess|Win32.Build.0 = Debug|Win32
		{1E9CE8AE-C540-4F85-B0E6-3ECCCE658827}.DebugSingleProcess|x64.ActiveCfg = Debug|Win32
		{1E9CE8AE-C540-4F85-B0E6-3ECCCE658827}.Official|Win32.ActiveCfg = Official|Win32
		{1E9CE8AE-C540-4F85-B0E6-3ECCCE658827}.Official|Win32.Build.0 = Official|Win32
		{1E9CE8AE-C540-4F85-B0E6-3ECCCE658827}.Official|x64.ActiveCfg = Official|Win32
		{1E9CE8AE-C540-4F85-B0E6-3ECCCE658827}.Release|Win32.ActiveCfg = Release|Win32
		{1E9CE8AE-C540-4F85-B0E6-3ECCCE658827}.Release|Win32.Build.0 = Release|Win32
		{1E9CE8AE-C540-4F85-B0E6-3ECCCE658827}.Release|x64.ActiveCfg = Release|Win32
		{1E9CE8AE-C540-4F85-B0E6-3ECCCE658827}.Test|Win32.ActiveCfg = Test|Win32
		{1E9CE8AE-C540-4F85-B0E6-3ECCCE658827}.Test|Win32.Build.0 = Test|Win32
		{1E9CE8AE-C540-4F85-B0E6-3ECCCE658827}.Test|x64.ActiveCfg = Test|Win32
		{997884D7-3DC7-43A8-9D61-250C531F4A73}.64Driver|Win32.ActiveCfg = 64Driver|Win32
		{997884D7-3DC7-43A8-9D61-250C531F4A73}.64Driver|x64.ActiveCfg = 64Driver|Win32
		{997884D7-3DC7-43A8-9D61-250C531F4A73}.64Test|Win32.ActiveCfg = 64Test|Win32
		{997884D7-3DC7-43A8-9D61-250C531F4A73}.64Test|x64.ActiveCfg = 64Test|Win32
		{997884D7-3DC7-43A8-9D61-250C531F4A73}.Debug|Win32.ActiveCfg = Debug|Win32
		{997884D7-3DC7-43A8-9D61-250C531F4A73}.Debug|Win32.Build.0 = Debug|Win32
		{997884D7-3DC7-43A8-9D61-250C531F4A73}.Debug|x64.ActiveCfg = Debug|Win32
		{997884D7-3DC7-43A8-9D61-250C531F4A73}.DebugSingleProcess|Win32.ActiveCfg = DebugSingleProcess|Win32
		{997884D7-3DC7-43A8-9D61-250C531F4A73}.DebugSingleProcess|Win32.Build.0 = DebugSingleProcess|Win32
		{997884D7-3DC7-43A8-9D61-250C531F4A73}.DebugSingleProcess|x64.ActiveCfg = DebugSingleProcess|Win32
		{997884D7-3DC7-43A8-9D61-250C531F4A73}.Official|Win32.ActiveCfg = Official|Win32
		{997884D7-3DC7-43A8-9D61-250C531F4A73}.Official|Win32.Build.0 = Official|Win32
		{997884D7-3DC7-43A8-9D61-250C531F4A73}.Official|x64.ActiveCfg = Official|Win32
		{997884D7-3DC7-43A8-9D61-250C531F4A73}.Release|Win32.ActiveCfg = Release|Win32
		{997884D7-3DC7-43A8-9D61-250C531F4A73}.Release|Win32.Build.0 = Release|Win32
		{997884D7-3DC7-43A8-9D61-250C531F4A73}.Release|x64.ActiveCfg = Release|Win32
		{997884D7-3DC7-43A8-9D61-250C531F4A73}.Test|Win32.ActiveCfg = Test|Win32
		{997884D7-3DC7-43A8-9D61-250C531F4A73}.Test|Win32.Build.0 = Test|Win32
		{997884D7-3DC7-43A8-9D61-250C531F4A73}.Test|x64.ActiveCfg = Test|Win32
		{D3EDA37C-4D20-451B-A147-17F210A7E680}.64Driver|Win32.ActiveCfg = 64Driver|Win32
		{D3EDA37C-4D20-451B-A147-17F210A7E680}.64Driver|x64.ActiveCfg = 64Driver|Win32
		{D3EDA37C-4D20-451B-A147-17F210A7E680}.64Test|Win32.ActiveCfg = 64Test|Win32
		{D3EDA37C-4D20-451B-A147-17F210A7E680}.64Test|x64.ActiveCfg = 64Test|Win32
		{D3EDA37C-4D20-451B-A147-17F210A7E680}.Debug|Win32.ActiveCfg = Debug|Win32
		{D3EDA37C-4D20-451B-A147-17F210A7E680}.Debug|Win32.Build.0 = Debug|Win32
		{D3EDA37C-4D20-451B-A147-17F210A7E680}.Debug|x64.ActiveCfg = Debug|Win32
		{D3EDA37C-4D20-451B-A147-17F210A7E680}.DebugSingleProcess|Win32.ActiveCfg = DebugSingleProcess|Win32
		{D3EDA37C-4D20-451B-A147-17F210A7E680}.DebugSingleProcess|Win32.Build.0 = DebugSingleProcess|Win32
		{D3EDA37C-4D20-451B-A147-17F210A7E680}.DebugSingleProcess|x64.ActiveCfg = DebugSingleProcess|Win32
		{D3EDA37C-4D20-451B-A147-17F210A7E680}.Official|Win32.ActiveCfg = Official|Win32
		{D3EDA37C-4D20-451B-A147-17F210A7E680}.Official|Win32.Build.0 = Official|Win32
		{D3EDA37C-4D20-451B-A147-17F210A7E680}.Official|x64.ActiveCfg = Official|Win32
		{D3EDA37C-4D20-451B-A147-17F210A7E680}.Release|Win32.ActiveCfg = Release|Win32
		{D3EDA37C-4D20-451B-A147-17F210A7E680}.Release|Win32.Build.0 = Release|Win32
		{D3EDA37C-4D20-451B-A147-17F210A7E680}.Release|x64.ActiveCfg = Release|Win32
		{D3EDA37C-4D20-451B-A147-17F210A7E680}.Test|Win32.ActiveCfg = Test|Win32
		{D3EDA37C-4D20-451B-A147-17F210A7E680}.Test|Win32.Build.0 = Test|Win32
		{D3EDA37C-4D20-451B-A147-17F210A7E680}.Test|x64.ActiveCfg = Test|Win32
		{318361FF-0FBB-48B5-A4D7-B4BFDDE12F3E}.64Driver|Win32.ActiveCfg = 64Driver|Win32
		{318361FF-0FBB-48B5-A4D7-B4BFDDE12F3E}.64Driver|x64.ActiveCfg = 64Driver|Win32
		{318361FF-0FBB-48B5-A4D7-B4BFDDE12F3E}.64Test|Win32.ActiveCfg = 64Test|Win32
		{318361FF-0FBB-48B5-A4D7-B4BFDDE12F3E}.64Test|x64.ActiveCfg = 64Test|Win32
		{318361FF-0FBB-48B5-A4D7-B4BFDDE12F3E}.Debug|Win32.ActiveCfg = Debug|Win32
		{318361FF-0FBB-48B5-A4D7-B4BFDDE12F3E}.Debug|Win32.Build.0 = Debug|Win32
		{318361FF-0FBB-48B5-A4D7-B4BFDDE12F3E}.Debug|x64.ActiveCfg = Debug|Win32
		{318361FF-0FBB-48B5-A4D7-B4BFDDE12F3E}.DebugSingleProcess|Win32.ActiveCfg = DebugSingleProcess|Win32
		{318361FF-0FBB-48B5-A4D7-B4BFDDE12F3E}.DebugSingleProcess|Win32.Build.0 = DebugSingleProcess|Win32
		{318361FF-0FBB-48B5-A4D7-B4BFDDE12F3E}.DebugSingleProcess|x64.ActiveCfg = DebugSingleProcess|Win32
		{318361FF-0FBB-48B5-A4D7-B4BFDDE12F3E}.Official|Win32.ActiveCfg = Official|Win32
		{318361FF-0FBB-48B5-A4D7-B4BFDDE12F3E}.Official|Win32.Build.0 = Official|Win32
		{318361FF-0FBB-48B5-A4D7-B4BFDDE12F3E}.Official|x64.ActiveCfg = Official|Win32
		{318361FF-0FBB-48B5-A4D7-B4BFDDE12F3E}.Release|Win32.ActiveCfg = Release|Win32
		{318361FF-0FBB-48B5-A4D7-B4BFDDE12F3E}.Release|Win32.Build.0 = Release|Win32
		{318361FF-0FBB-48B5-A4D7-B4BFDDE12F3E}.Release|x64.ActiveCfg = Release|Win32
		{318361FF-0FBB-48B5-A4D7-B4BFDDE12F3E}.Test|Win32.ActiveCfg = Test|Win32
		{318361FF-0FBB-48B5-A4D7-B4BFDDE12F3E}.Test|Win32.Build.0 = Test|Win32
		{318361FF-0FBB-48B5-A4D7-B4BFDDE12F3E}.Test|x64.ActiveCfg = Test|Win32
		{8D7F4EA0-459E-4A1F-A771-5DDA61734AD9}.64Driver|Win32.ActiveCfg = 64Driver|Win32
		{8D7F4EA0-459E-4A1F-A771-5DDA61734AD9}.64Driver|x64.ActiveCfg = 64Driver|Win32
		{8D7F4EA0-459E-4A1F-A771-5DDA61734AD9}.64Test|Win32.ActiveCfg = 64Test|Win32
		{8D7F4EA0-459E-4A1F-A771-5DDA61734AD9}.64Test|x64.ActiveCfg = 64Test|Win32
		{8D7F4EA0-459E-4A1F-A771-5DDA61734AD9}.Debug|Win32.ActiveCfg = Debug|Win32
		{8D7F4EA0-459E-4A1F-A771-5DDA61734AD9}.Debug|Win32.Build.0 = Debug|Win32
		{8D7F4EA0-459E-4A1F-A771-5DDA61734AD9}.Debug|x64.ActiveCfg = Debug|Win32
		{8D7F4EA0-459E-4A1F-A771-5DDA61734AD9}.DebugSingleProcess|Win32.ActiveCfg = DebugSingleProcess|Win32
		{8D7F4EA0-459E-4A1F-A771-5DDA61734AD9}.DebugSingleProcess|Win32.Build.0 = DebugSingleProcess|Win32
		{8D7F4EA0-459E-4A1F-A771-5DDA61734AD9}.DebugSingleProcess|x64.ActiveCfg = DebugSingleProcess|Win32
		{8D7F4EA0-459E-4A1F-A771-5DDA61734AD9}.Official|Win32.ActiveCfg = Official|Win32
		{8D7F4EA0-459E-4A1F-A771-5DDA61734AD9}.Official|Win32.Build.0 = Official|Win32
		{8D7F4EA0-459E-4A1F-A771-5DDA61734AD9}.Official|x64.ActiveCfg = Official|Win32
		{8D7F4EA0-459E-4A1F-A771-5DDA61734AD9}.Release|Win32.ActiveCfg = Release|Win32
		{8D7F4EA0-459E-4A1F-A771-5DDA61734AD9}.Release|Win32.Build.0 = Release|Win32
		{8D7F4EA0-459E-4A1F-A771-5DDA61734AD9}.Release|x64.ActiveCfg = Release|Win32
		{8D7F4EA0-459E-4A1F-A771-5DDA61734AD9}.Test|Win32.ActiveCfg = Test|Win32
		{8D7F4EA0-459E-4A1F-A771-5DDA61734AD9}.Test|Win32.Build.0 = Test|Win32
		{8D7F4EA0-459E-4A1F-A771-5DDA61734AD9}.Test|x64.ActiveCfg = Test|Win32
		{1FF89A88-67BC-4D07-BDF9-EFBC664332F5}.64Driver|Win32.ActiveCfg = 64Driver|Win32
		{1FF89A88-67BC-4D07-BDF9-EFBC664332F5}.64Driver|x64.ActiveCfg = 64Driver|Win32
		{1FF89A88-67BC-4D07-BDF9-EFBC664332F5}.64Test|Win32.ActiveCfg = 64Test|Win32
		{1FF89A88-67BC-4D07-BDF9-EFBC664332F5}.64Test|x64.ActiveCfg = 64Test|Win32
		{1FF89A88-67BC-4D07-BDF9-EFBC664332F5}.Debug|Win32.ActiveCfg = Debug|Win32
		{1FF89A88-67BC-4D07-BDF9-EFBC664332F5}.Debug|Win32.Build.0 = Debug|Win32
		{1FF89A88-67BC-4D07-BDF9-EFBC664332F5}.Debug|x64.ActiveCfg = Debug|Win32
		{1FF89A88-67BC-4D07-BDF9-EFBC664332F5}.DebugSingleProcess|Win32.ActiveCfg = DebugSingleProcess|Win32
		{1FF89A88-67BC-4D07-BDF9-EFBC664332F5}.DebugSingleProcess|Win32.Build.0 = DebugSingleProcess|Win32
		{1FF89A88-67BC-4D07-BDF9-EFBC664332F5}.DebugSingleProcess|x64.ActiveCfg = DebugSingleProcess|Win32
		{1FF89A88-67BC-4D07-BDF9-EFBC664332F5}.Official|Win32.ActiveCfg = Official|Win32
		{1FF89A88-67BC-4D07-BDF9-EFBC664332F5}.Official|Win32.Build.0 = Official|Win32
		{1FF89A88-67BC-4D07-BDF9-EFBC664332F5}.Official|x64.ActiveCfg = Official|Win32
		{1FF89A88-67BC-4D07-BDF9-EFBC664332F5}.Release|Win32.ActiveCfg = Release|Win32
		{1FF89A88-67BC-4D07-BDF9-EFBC664332F5}.Release|Win32.Build.0 = Release|Win32
		{1FF89A88-67BC-4D07-BDF9-EFBC664332F5}.Release|x64.ActiveCfg = Release|Win32
		{1FF89A88-67BC-4D07-BDF9-EFBC664332F5}.Test|Win32.ActiveCfg = Test|Win32
		{1FF89A88-67BC-4D07-BDF9-EFBC664332F5}.Test|Win32.Build.0 = Test|Win32
		{1FF89A88-67BC-4D07-BDF9-EFBC664332F5}.Test|x64.ActiveCfg = Test|Win32
		{9BD3E55F-A516-4CF3-92B3-D9F2F7B2D276}.64Driver|Win32.ActiveCfg = 64Driver|Win32
		{9BD3E55F-A516-4CF3-92B3-D9F2F7B2D276}.64Driver|x64.ActiveCfg = 64Driver|Win32
		{9BD3E55F-A516-4CF3-92B3-D9F2F7B2D276}.64Test|Win32.ActiveCfg = 64Test|Win32
		{9BD3E55F-A516-4CF3-92B3-D9F2F7B2D276}.64Test|x64.ActiveCfg = 64Test|Win32
		{9BD3E55F-A516-4CF3-92B3-D9F2F7B2D276}.Debug|Win32.ActiveCfg = Debug|Win32
		{9BD3E55F-A516-4CF3-92B3-D9F2F7B2D276}.Debug|Win32.Build.0 = Debug|Win32
		{9BD3E55F-A516-4CF3-92B3-D9F2F7B2D276}.Debug|x64.ActiveCfg = Debug|Win32
		{9BD3E55F-A516-4CF3-92B3-D9F2F7B2D276}.DebugSingleProcess|Win32.ActiveCfg = Debug|Win32
		{9BD3E55F-A516-4CF3-92B3-D9F2F7B2D276}.DebugSingleProcess|Win32.Build.0 = Debug|Win32
		{9BD3E55F-A516-4CF3-92B3-D9F2F7B2D276}.DebugSingleProcess|x64.ActiveCfg = Debug|Win32
		{9BD3E55F-A516-4CF3-92B3-D9F2F7B2D276}.Official|Win32.ActiveCfg = Official|Win32
		{9BD3E55F-A516-4CF3-92B3-D9F2F7B2D276}.Official|Win32.Build.0 = Official|Win32
		{9BD3E55F-A516-4CF3-92B3-D9F2F7B2D276}.Official|x64.ActiveCfg = Official|Win32
		{9BD3E55F-A516-4CF3-92B3-D9F2F7B2D276}.Release|Win32.ActiveCfg = Release|Win32
		{9BD3E55F-A516-4CF3-92B3-D9F2F7B2D276}.Release|Win32.Build.0 = Release|Win32
		{9BD3E55F-A516-4CF3-92B3-D9F2F7B2D276}.Release|x64.ActiveCfg = Release|Win32
		{9BD3E55F-A516-4CF3-92B3-D9F2F7B2D276}.Test|Win32.ActiveCfg = Test|Win32
		{9BD3E55F-A516-4CF3-92B3-D9F2F7B2D276}.Test|Win32.Build.0 = Test|Win32
		{9BD3E55F-A516-4CF3-92B3-D9F2F7B2D276}.Test|x64.ActiveCfg = Test|Win32
	EndGlobalSection
	GlobalSection(SolutionProperties) = preSolution
		HideSolutionNode = FALSE
	EndGlobalSection
	GlobalSection(NestedProjects) = preSolution
		{4CE15E3D-CA44-4AB9-B146-F82F929FE465} = {4AF5DFCA-ED05-4092-8878-0CA6EAE1FF0A}
		{058F8061-C44E-4F1B-93A6-BEFD2FC58708} = {4AF5DFCA-ED05-4092-8878-0CA6EAE1FF0A}
		{A4FED8E4-D437-4942-AF15-8F95FD46E0DC} = {4AF5DFCA-ED05-4092-8878-0CA6EAE1FF0A}
		{C0D61A82-F43D-4B3B-8AC8-AA3212D64600} = {4AF5DFCA-ED05-4092-8878-0CA6EAE1FF0A}
		{1C628F0D-19EB-45B6-8B6D-887B77B940A8} = {4AF5DFCA-ED05-4092-8878-0CA6EAE1FF0A}
		{CEA51C03-DCE3-41F2-8E0F-DCD1B57A54B1} = {058F8061-C44E-4F1B-93A6-BEFD2FC58708}
		{EFE5B91C-5055-4EC9-9FA3-CCF8EEDB8BC0} = {058F8061-C44E-4F1B-93A6-BEFD2FC58708}
		{FDD15E99-CED6-4F60-9A00-4C9E2C8353E2} = {058F8061-C44E-4F1B-93A6-BEFD2FC58708}
		{5A7BBAFA-5535-42BA-A771-7189E7B389BC} = {058F8061-C44E-4F1B-93A6-BEFD2FC58708}
		{968075E0-B1A2-4830-93F9-D18D87D0E693} = {A4FED8E4-D437-4942-AF15-8F95FD46E0DC}
		{C12E4CA0-7804-4A07-A701-9A87CCC372EA} = {A4FED8E4-D437-4942-AF15-8F95FD46E0DC}
		{807E6E9E-4F6F-4A87-BB6C-D8B0772F7078} = {1C628F0D-19EB-45B6-8B6D-887B77B940A8}
		{587F1AC4-DCFA-4088-AA20-6AB35B78C6A9} = {403DE8A5-E4BD-4530-A397-DCD0E1C62187}
		{3B7F51D3-1B6D-4187-A2F8-1D0FFE7114D1} = {52284820-A5A3-464F-A34A-DEC7D6A629B9}
		{61981C35-8719-474B-BD0E-A9103B6EB7F0} = {52284820-A5A3-464F-A34A-DEC7D6A629B9}
		{47D93457-32F8-4F6F-B0ED-B6478ECF6FA8} = {52284820-A5A3-464F-A34A-DEC7D6A629B9}
		{F093291E-C1BB-4591-AF21-C570E3134EBA} = {52284820-A5A3-464F-A34A-DEC7D6A629B9}
		{0C42FEDE-3F4A-42F0-93BB-ACCB0C0B7291} = {52284820-A5A3-464F-A34A-DEC7D6A629B9}
		{6419661B-E134-46FD-8B1A-08F5F059E9F1} = {52284820-A5A3-464F-A34A-DEC7D6A629B9}
		{D09D61DE-AE85-48B2-B52E-F5B362424E2B} = {52284820-A5A3-464F-A34A-DEC7D6A629B9}
		{1353B6D2-2925-4AD2-A36F-EAD6DA1096EF} = {52284820-A5A3-464F-A34A-DEC7D6A629B9}
		{CF03AE0B-1AA9-405D-B102-BDCE39B0EFC6} = {968075E0-B1A2-4830-93F9-D18D87D0E693}
		{32407EAD-2009-4ABF-9DF3-4339446D0EAD} = {C12E4CA0-7804-4A07-A701-9A87CCC372EA}
		{9BD3E55F-A516-4CF3-92B3-D9F2F7B2D273} = {B06D0566-2ADD-43E9-A71E-ED5C8156FA57}
		{9BD3E55F-A516-4CF3-92B3-D9F2F7B2D276} = {B06D0566-2ADD-43E9-A71E-ED5C8156FA57}
		{1E9CE8AE-C540-4F85-B0E6-3ECCCE658827} = {E937576E-9329-4A0D-8712-5A2CCF2F5496}
		{997884D7-3DC7-43A8-9D61-250C531F4A73} = {E937576E-9329-4A0D-8712-5A2CCF2F5496}
		{D3EDA37C-4D20-451B-A147-17F210A7E680} = {E937576E-9329-4A0D-8712-5A2CCF2F5496}
		{318361FF-0FBB-48B5-A4D7-B4BFDDE12F3E} = {E937576E-9329-4A0D-8712-5A2CCF2F5496}
		{8D7F4EA0-459E-4A1F-A771-5DDA61734AD9} = {E937576E-9329-4A0D-8712-5A2CCF2F5496}
		{1FF89A88-67BC-4D07-BDF9-EFBC664332F5} = {E937576E-9329-4A0D-8712-5A2CCF2F5496}
	EndGlobalSection
	GlobalSection(DPCodeReviewSolutionGUID) = preSolution
		DPCodeReviewSolutionGUID = {00000000-0000-0000-0000-000000000000}
	EndGlobalSection
EndGlobal
