
Microsoft Visual Studio Solution File, Format Version 10.00
# Visual Studio 2008
Project("{8BC9CEB8-8B4A-11D0-8D11-00A0C91BC942}") = "AES", "AES\AES.vcproj", "{3B7F51D3-1B6D-4187-A2F8-1D0FFE7114D1}"
EndProject
Project("{8BC9CEB8-8B4A-11D0-8D11-00A0C91BC942}") = "SHA1", "SHA1\SHA1.vcproj", "{0C42FEDE-3F4A-42F0-93BB-ACCB0C0B7291}"
EndProject
Project("{8BC9CEB8-8B4A-11D0-8D11-00A0C91BC942}") = "RSA", "RSA\RSA.vcproj", "{F093291E-C1BB-4591-AF21-C570E3134EBA}"
EndProject
Project("{8BC9CEB8-8B4A-11D0-8D11-00A0C91BC942}") = "CHKFile", "CHKFile\CHKFile.vcproj", "{61981C35-8719-474B-BD0E-A9103B6EB7F0}"
EndProject
Project("{8BC9CEB8-8B4A-11D0-8D11-00A0C91BC942}") = "MakeCHK", "MakeCHK\MakeCHK.vcproj", "{47D93457-32F8-4F6F-B0ED-B6478ECF6FA8}"
	ProjectSection(ProjectDependencies) = postProject
		{F093291E-C1BB-4591-AF21-C570E3134EBA} = {F093291E-C1BB-4591-AF21-C570E3134EBA}
		{61981C35-8719-474B-BD0E-A9103B6EB7F0} = {61981C35-8719-474B-BD0E-A9103B6EB7F0}
		{3B7F51D3-1B6D-4187-A2F8-1D0FFE7114D1} = {3B7F51D3-1B6D-4187-A2F8-1D0FFE7114D1}
		{0C42FEDE-3F4A-42F0-93BB-ACCB0C0B7291} = {0C42FEDE-3F4A-42F0-93BB-ACCB0C0B7291}
	EndProjectSection
EndProject
Project("{8BC9CEB8-8B4A-11D0-8D11-00A0C91BC942}") = "TestCHK", "TestCHK\TestCHK.vcproj", "{6419661B-E134-46FD-8B1A-08F5F059E9F1}"
	ProjectSection(ProjectDependencies) = postProject
		{F093291E-C1BB-4591-AF21-C570E3134EBA} = {F093291E-C1BB-4591-AF21-C570E3134EBA}
		{61981C35-8719-474B-BD0E-A9103B6EB7F0} = {61981C35-8719-474B-BD0E-A9103B6EB7F0}
		{3B7F51D3-1B6D-4187-A2F8-1D0FFE7114D1} = {3B7F51D3-1B6D-4187-A2F8-1D0FFE7114D1}
		{0C42FEDE-3F4A-42F0-93BB-ACCB0C0B7291} = {0C42FEDE-3F4A-42F0-93BB-ACCB0C0B7291}
	EndProjectSection
EndProject
Global
	GlobalSection(SolutionConfigurationPlatforms) = preSolution
		Debug|Win32 = Debug|Win32
		Release|Win32 = Release|Win32
	EndGlobalSection
	GlobalSection(ProjectConfigurationPlatforms) = postSolution
		{3B7F51D3-1B6D-4187-A2F8-1D0FFE7114D1}.Debug|Win32.ActiveCfg = Debug|Win32
		{3B7F51D3-1B6D-4187-A2F8-1D0FFE7114D1}.Debug|Win32.Build.0 = Debug|Win32
		{3B7F51D3-1B6D-4187-A2F8-1D0FFE7114D1}.Release|Win32.ActiveCfg = Release|Win32
		{3B7F51D3-1B6D-4187-A2F8-1D0FFE7114D1}.Release|Win32.Build.0 = Release|Win32
		{0C42FEDE-3F4A-42F0-93BB-ACCB0C0B7291}.Debug|Win32.ActiveCfg = Debug|Win32
		{0C42FEDE-3F4A-42F0-93BB-ACCB0C0B7291}.Debug|Win32.Build.0 = Debug|Win32
		{0C42FEDE-3F4A-42F0-93BB-ACCB0C0B7291}.Release|Win32.ActiveCfg = Release|Win32
		{0C42FEDE-3F4A-42F0-93BB-ACCB0C0B7291}.Release|Win32.Build.0 = Release|Win32
		{F093291E-C1BB-4591-AF21-C570E3134EBA}.Debug|Win32.ActiveCfg = Debug|Win32
		{F093291E-C1BB-4591-AF21-C570E3134EBA}.Debug|Win32.Build.0 = Debug|Win32
		{F093291E-C1BB-4591-AF21-C570E3134EBA}.Release|Win32.ActiveCfg = Release|Win32
		{F093291E-C1BB-4591-AF21-C570E3134EBA}.Release|Win32.Build.0 = Release|Win32
		{61981C35-8719-474B-BD0E-A9103B6EB7F0}.Debug|Win32.ActiveCfg = Debug|Win32
		{61981C35-8719-474B-BD0E-A9103B6EB7F0}.Debug|Win32.Build.0 = Debug|Win32
		{61981C35-8719-474B-BD0E-A9103B6EB7F0}.Release|Win32.ActiveCfg = Release|Win32
		{61981C35-8719-474B-BD0E-A9103B6EB7F0}.Release|Win32.Build.0 = Release|Win32
		{47D93457-32F8-4F6F-B0ED-B6478ECF6FA8}.Debug|Win32.ActiveCfg = Debug|Win32
		{47D93457-32F8-4F6F-B0ED-B6478ECF6FA8}.Debug|Win32.Build.0 = Debug|Win32
		{47D93457-32F8-4F6F-B0ED-B6478ECF6FA8}.Release|Win32.ActiveCfg = Release|Win32
		{47D93457-32F8-4F6F-B0ED-B6478ECF6FA8}.Release|Win32.Build.0 = Release|Win32
		{6419661B-E134-46FD-8B1A-08F5F059E9F1}.Debug|Win32.ActiveCfg = Debug|Win32
		{6419661B-E134-46FD-8B1A-08F5F059E9F1}.Debug|Win32.Build.0 = Debug|Win32
		{6419661B-E134-46FD-8B1A-08F5F059E9F1}.Release|Win32.ActiveCfg = Release|Win32
		{6419661B-E134-46FD-8B1A-08F5F059E9F1}.Release|Win32.Build.0 = Release|Win32
	EndGlobalSection
	GlobalSection(SolutionProperties) = preSolution
		HideSolutionNode = FALSE
	EndGlobalSection
EndGlobal
